// !$*UTF8*$!
{
	archiveVersion = 1;
	classes = {
	};
	objectVersion = 51;
	objects = {

/* Begin PBXBuildFile section */
		1364CA18885B2863997927C6 /* Pods_Split_SplitUITests.framework in Frameworks */ = {isa = PBXBuildFile; fileRef = D628684719F720C3E9C97BC5 /* Pods_Split_SplitUITests.framework */; };
		834FEE07FB5DF86C157A3E1B /* Pods_Split.framework in Frameworks */ = {isa = PBXBuildFile; fileRef = 86072891731C70E6C81065FA /* Pods_Split.framework */; };
		8D0E586B252F735B0011C102 /* AppDelegate.swift in Sources */ = {isa = PBXBuildFile; fileRef = 8D0E586A252F735B0011C102 /* AppDelegate.swift */; };
		8D0E586D252F735B0011C102 /* SceneDelegate.swift in Sources */ = {isa = PBXBuildFile; fileRef = 8D0E586C252F735B0011C102 /* SceneDelegate.swift */; };
		8D0E5872252F735B0011C102 /* Main.storyboard in Resources */ = {isa = PBXBuildFile; fileRef = 8D0E5870252F735B0011C102 /* Main.storyboard */; };
		8D0E5877252F735D0011C102 /* LaunchScreen.storyboard in Resources */ = {isa = PBXBuildFile; fileRef = 8D0E5875252F735D0011C102 /* LaunchScreen.storyboard */; };
		8D0E5882252F735D0011C102 /* SplitTests.swift in Sources */ = {isa = PBXBuildFile; fileRef = 8D0E5881252F735D0011C102 /* SplitTests.swift */; };
		8D0E588D252F735D0011C102 /* SplitUITests.swift in Sources */ = {isa = PBXBuildFile; fileRef = 8D0E588C252F735D0011C102 /* SplitUITests.swift */; };
		8D115983254C788A00241BE6 /* AttendanceViewController.swift in Sources */ = {isa = PBXBuildFile; fileRef = 8D115982254C788A00241BE6 /* AttendanceViewController.swift */; };
		8D1A4B7E2548AEA6007366D7 /* KoPubDotumBold.ttf in Resources */ = {isa = PBXBuildFile; fileRef = 8D1A4B7D2548AEA6007366D7 /* KoPubDotumBold.ttf */; };
		8D1A4B832548AEB4007366D7 /* GmarketSansMedium.otf in Resources */ = {isa = PBXBuildFile; fileRef = 8D1A4B822548AEB4007366D7 /* GmarketSansMedium.otf */; };
		8D320E0D2548A74B0041D193 /* Plan.storyboard in Resources */ = {isa = PBXBuildFile; fileRef = 8D320E0C2548A74B0041D193 /* Plan.storyboard */; };
		8D320E152548A77A0041D193 /* Calendar.storyboard in Resources */ = {isa = PBXBuildFile; fileRef = 8D320E142548A77A0041D193 /* Calendar.storyboard */; };
		8D320E1A2548A7A80041D193 /* Study.storyboard in Resources */ = {isa = PBXBuildFile; fileRef = 8D320E192548A7A80041D193 /* Study.storyboard */; };
		8D3AC56325499F680059F950 /* ChallengeViewController.swift in Sources */ = {isa = PBXBuildFile; fileRef = 8D3AC56225499F680059F950 /* ChallengeViewController.swift */; };
		8D3AC56825499F730059F950 /* EventViewController.swift in Sources */ = {isa = PBXBuildFile; fileRef = 8D3AC56725499F730059F950 /* EventViewController.swift */; };
		8D3AC56F2549A6940059F950 /* ChallengeBannerTableViewCell.swift in Sources */ = {isa = PBXBuildFile; fileRef = 8D3AC56D2549A6940059F950 /* ChallengeBannerTableViewCell.swift */; };
		8D3AC5702549A6940059F950 /* ChallengeBannerTableViewCell.xib in Resources */ = {isa = PBXBuildFile; fileRef = 8D3AC56E2549A6940059F950 /* ChallengeBannerTableViewCell.xib */; };
		8D3AC5792549A6AD0059F950 /* ChallengeContentTableViewCell.swift in Sources */ = {isa = PBXBuildFile; fileRef = 8D3AC5772549A6AD0059F950 /* ChallengeContentTableViewCell.swift */; };
		8D3AC57A2549A6AD0059F950 /* ChallengeContentTableViewCell.xib in Resources */ = {isa = PBXBuildFile; fileRef = 8D3AC5782549A6AD0059F950 /* ChallengeContentTableViewCell.xib */; };
		8D3AC5852549BDB00059F950 /* EventBannerTableViewCell.swift in Sources */ = {isa = PBXBuildFile; fileRef = 8D3AC5832549BDB00059F950 /* EventBannerTableViewCell.swift */; };
		8D3AC5862549BDB00059F950 /* EventBannerTableViewCell.xib in Resources */ = {isa = PBXBuildFile; fileRef = 8D3AC5842549BDB00059F950 /* EventBannerTableViewCell.xib */; };
		8D3AC58C2549BDBF0059F950 /* EventContentTableViewCell.swift in Sources */ = {isa = PBXBuildFile; fileRef = 8D3AC58A2549BDBF0059F950 /* EventContentTableViewCell.swift */; };
		8D3AC58D2549BDBF0059F950 /* EventContentTableViewCell.xib in Resources */ = {isa = PBXBuildFile; fileRef = 8D3AC58B2549BDBF0059F950 /* EventContentTableViewCell.xib */; };
		8D3AC5922549C3BF0059F950 /* SubscriptionViewController.swift in Sources */ = {isa = PBXBuildFile; fileRef = 8D3AC5912549C3BF0059F950 /* SubscriptionViewController.swift */; };
		8D4D6AD4254B0F460082DD07 /* AttendanceCompletionViewController.swift in Sources */ = {isa = PBXBuildFile; fileRef = 8D4D6AD3254B0F460082DD07 /* AttendanceCompletionViewController.swift */; };
		8D4D6AE9254B26620082DD07 /* InfoPlist.strings in Resources */ = {isa = PBXBuildFile; fileRef = 8D4D6AEB254B26620082DD07 /* InfoPlist.strings */; };
		8D5D7042254A911C00618A27 /* CalendarTableViewCell.swift in Sources */ = {isa = PBXBuildFile; fileRef = 8D5D7040254A911C00618A27 /* CalendarTableViewCell.swift */; };
		8D5D7043254A911C00618A27 /* CalendarTableViewCell.xib in Resources */ = {isa = PBXBuildFile; fileRef = 8D5D7041254A911C00618A27 /* CalendarTableViewCell.xib */; };
		8D5F7897254C77B8001773B7 /* Attendance.storyboard in Resources */ = {isa = PBXBuildFile; fileRef = 8D5F7895254C77B8001773B7 /* Attendance.storyboard */; };
		8D6B0B8725581B7E00AA032F /* UserPlanList.swift in Sources */ = {isa = PBXBuildFile; fileRef = 8D6B0B8625581B7E00AA032F /* UserPlanList.swift */; };
		8D9880AE255953A600BFA6CC /* AttendanceFailureViewController.swift in Sources */ = {isa = PBXBuildFile; fileRef = 8D9880AD255953A500BFA6CC /* AttendanceFailureViewController.swift */; };
		8D9E599F255590AE0091CE28 /* AttendanceTapGesture.swift in Sources */ = {isa = PBXBuildFile; fileRef = 8D9E599E255590AE0091CE28 /* AttendanceTapGesture.swift */; };
		8DCFAFCD25540A2F003E181E /* PlanAPI.swift in Sources */ = {isa = PBXBuildFile; fileRef = 8DCFAFCC25540A2F003E181E /* PlanAPI.swift */; };
		8DCFAFD8255414EF003E181E /* CalendarAPI.swift in Sources */ = {isa = PBXBuildFile; fileRef = 8DCFAFD7255414EF003E181E /* CalendarAPI.swift */; };
		8DCFAFDF25541C73003E181E /* AttendanceModel.swift in Sources */ = {isa = PBXBuildFile; fileRef = 8DCFAFDE25541C73003E181E /* AttendanceModel.swift */; };
		8DD85DDD254A9B33006430C4 /* CalendarModel.swift in Sources */ = {isa = PBXBuildFile; fileRef = 8DD85DDC254A9B33006430C4 /* CalendarModel.swift */; };
		8DD85DE2254AA218006430C4 /* PlanModel.swift in Sources */ = {isa = PBXBuildFile; fileRef = 8DD85DE1254AA218006430C4 /* PlanModel.swift */; };
		8DE705C62548AC3200768ACB /* StudyViewController.swift in Sources */ = {isa = PBXBuildFile; fileRef = 8DE705C52548AC3200768ACB /* StudyViewController.swift */; };
		8DE705CB2548AC4200768ACB /* CalendarViewController.swift in Sources */ = {isa = PBXBuildFile; fileRef = 8DE705CA2548AC4200768ACB /* CalendarViewController.swift */; };
		8DE705D02548AC5200768ACB /* PlanViewController.swift in Sources */ = {isa = PBXBuildFile; fileRef = 8DE705CF2548AC5200768ACB /* PlanViewController.swift */; };
		944F2576C8D14D316B8D3BFC /* Pods_SplitTests.framework in Frameworks */ = {isa = PBXBuildFile; fileRef = ADF8E8FDFDBFC03A70A25450 /* Pods_SplitTests.framework */; };
		FD0125D22537090B00AD92E8 /* SmsAuthViewController.swift in Sources */ = {isa = PBXBuildFile; fileRef = FD0125D12537090B00AD92E8 /* SmsAuthViewController.swift */; };
		FD0125DA2537093A00AD92E8 /* MemberVO.swift in Sources */ = {isa = PBXBuildFile; fileRef = FD0125D92537093A00AD92E8 /* MemberVO.swift */; };
		FD2F4D222538CCE1000A3944 /* HomeViewController.swift in Sources */ = {isa = PBXBuildFile; fileRef = FD2F4D212538CCE1000A3944 /* HomeViewController.swift */; };
		FD2F4D34253DDE8D000A3944 /* MapViewController.swift in Sources */ = {isa = PBXBuildFile; fileRef = FD2F4D33253DDE8D000A3944 /* MapViewController.swift */; };
		FD2F4D60253F9823000A3944 /* SettingViewController.swift in Sources */ = {isa = PBXBuildFile; fileRef = FD2F4D5F253F9823000A3944 /* SettingViewController.swift */; };
		FD47C95D2550EFE1001D9252 /* PrivacyViewController.swift in Sources */ = {isa = PBXBuildFile; fileRef = FD47C95C2550EFE1001D9252 /* PrivacyViewController.swift */; };
		FD47C9622550F008001D9252 /* TermsAndUseViewViewController.swift in Sources */ = {isa = PBXBuildFile; fileRef = FD47C9612550F008001D9252 /* TermsAndUseViewViewController.swift */; };
		FD47C9712552794B001D9252 /* MapVO.swift in Sources */ = {isa = PBXBuildFile; fileRef = FD47C9702552794B001D9252 /* MapVO.swift */; };
		FD758E9C2556C3E400E2E2BB /* MapPopUpViewController.swift in Sources */ = {isa = PBXBuildFile; fileRef = FD758E9B2556C3E400E2E2BB /* MapPopUpViewController.swift */; };
		FD80D3D125371239002D73B3 /* JoinViewController.swift in Sources */ = {isa = PBXBuildFile; fileRef = FD80D3D025371239002D73B3 /* JoinViewController.swift */; };
		FDB8B9B6255983DF008BCDCD /* GmarketSansBold.otf in Resources */ = {isa = PBXBuildFile; fileRef = FDB8B9B4255983DF008BCDCD /* GmarketSansBold.otf */; };
		FDB8B9B7255983DF008BCDCD /* GmarketSansLight.otf in Resources */ = {isa = PBXBuildFile; fileRef = FDB8B9B5255983DF008BCDCD /* GmarketSansLight.otf */; };
		FDB8B9BD255983F7008BCDCD /* Maplestory OTF Light.otf in Resources */ = {isa = PBXBuildFile; fileRef = FDB8B9BB255983F7008BCDCD /* Maplestory OTF Light.otf */; };
		FDB8B9BE255983F7008BCDCD /* Maplestory OTF Bold.otf in Resources */ = {isa = PBXBuildFile; fileRef = FDB8B9BC255983F7008BCDCD /* Maplestory OTF Bold.otf */; };
		FDB8B9C425598409008BCDCD /* KoPubDotumMedium.ttf in Resources */ = {isa = PBXBuildFile; fileRef = FDB8B9C225598409008BCDCD /* KoPubDotumMedium.ttf */; };
		FDB8B9C525598409008BCDCD /* KoPubDotumLight.ttf in Resources */ = {isa = PBXBuildFile; fileRef = FDB8B9C325598409008BCDCD /* KoPubDotumLight.ttf */; };
		FDB8BA24255C0256008BCDCD /* TabBarController.swift in Sources */ = {isa = PBXBuildFile; fileRef = FDB8BA23255C0256008BCDCD /* TabBarController.swift */; };
		FDE91C95254D1B9C00BAB8B0 /* Common.swift in Sources */ = {isa = PBXBuildFile; fileRef = FDE91C94254D1B9C00BAB8B0 /* Common.swift */; };
		FDE91CDF254D62CA00BAB8B0 /* Assets.xcassets in Resources */ = {isa = PBXBuildFile; fileRef = FDE91CDE254D62CA00BAB8B0 /* Assets.xcassets */; };
/* End PBXBuildFile section */

/* Begin PBXContainerItemProxy section */
		8D0E587E252F735D0011C102 /* PBXContainerItemProxy */ = {
			isa = PBXContainerItemProxy;
			containerPortal = 8D0E585F252F735B0011C102 /* Project object */;
			proxyType = 1;
			remoteGlobalIDString = 8D0E5866252F735B0011C102;
			remoteInfo = Split;
		};
		8D0E5889252F735D0011C102 /* PBXContainerItemProxy */ = {
			isa = PBXContainerItemProxy;
			containerPortal = 8D0E585F252F735B0011C102 /* Project object */;
			proxyType = 1;
			remoteGlobalIDString = 8D0E5866252F735B0011C102;
			remoteInfo = Split;
		};
/* End PBXContainerItemProxy section */

/* Begin PBXFileReference section */
		5AE2064D4F3DD0F9A2B7C4B3 /* Pods-SplitTests.release.xcconfig */ = {isa = PBXFileReference; includeInIndex = 1; lastKnownFileType = text.xcconfig; name = "Pods-SplitTests.release.xcconfig"; path = "Target Support Files/Pods-SplitTests/Pods-SplitTests.release.xcconfig"; sourceTree = "<group>"; };
		86072891731C70E6C81065FA /* Pods_Split.framework */ = {isa = PBXFileReference; explicitFileType = wrapper.framework; includeInIndex = 0; path = Pods_Split.framework; sourceTree = BUILT_PRODUCTS_DIR; };
		8D0E5867252F735B0011C102 /* Split.app */ = {isa = PBXFileReference; explicitFileType = wrapper.application; includeInIndex = 0; path = Split.app; sourceTree = BUILT_PRODUCTS_DIR; };
		8D0E586A252F735B0011C102 /* AppDelegate.swift */ = {isa = PBXFileReference; lastKnownFileType = sourcecode.swift; path = AppDelegate.swift; sourceTree = "<group>"; };
		8D0E586C252F735B0011C102 /* SceneDelegate.swift */ = {isa = PBXFileReference; lastKnownFileType = sourcecode.swift; path = SceneDelegate.swift; sourceTree = "<group>"; };
		8D0E5871252F735B0011C102 /* Base */ = {isa = PBXFileReference; lastKnownFileType = file.storyboard; name = Base; path = Base.lproj/Main.storyboard; sourceTree = "<group>"; };
		8D0E5876252F735D0011C102 /* Base */ = {isa = PBXFileReference; lastKnownFileType = file.storyboard; name = Base; path = Base.lproj/LaunchScreen.storyboard; sourceTree = "<group>"; };
		8D0E5878252F735D0011C102 /* Info.plist */ = {isa = PBXFileReference; lastKnownFileType = text.plist.xml; path = Info.plist; sourceTree = "<group>"; };
		8D0E587D252F735D0011C102 /* SplitTests.xctest */ = {isa = PBXFileReference; explicitFileType = wrapper.cfbundle; includeInIndex = 0; path = SplitTests.xctest; sourceTree = BUILT_PRODUCTS_DIR; };
		8D0E5881252F735D0011C102 /* SplitTests.swift */ = {isa = PBXFileReference; lastKnownFileType = sourcecode.swift; path = SplitTests.swift; sourceTree = "<group>"; };
		8D0E5883252F735D0011C102 /* Info.plist */ = {isa = PBXFileReference; lastKnownFileType = text.plist.xml; path = Info.plist; sourceTree = "<group>"; };
		8D0E5888252F735D0011C102 /* SplitUITests.xctest */ = {isa = PBXFileReference; explicitFileType = wrapper.cfbundle; includeInIndex = 0; path = SplitUITests.xctest; sourceTree = BUILT_PRODUCTS_DIR; };
		8D0E588C252F735D0011C102 /* SplitUITests.swift */ = {isa = PBXFileReference; lastKnownFileType = sourcecode.swift; path = SplitUITests.swift; sourceTree = "<group>"; };
		8D0E588E252F735D0011C102 /* Info.plist */ = {isa = PBXFileReference; lastKnownFileType = text.plist.xml; path = Info.plist; sourceTree = "<group>"; };
		8D115982254C788A00241BE6 /* AttendanceViewController.swift */ = {isa = PBXFileReference; lastKnownFileType = sourcecode.swift; path = AttendanceViewController.swift; sourceTree = "<group>"; };
		8D1A4B7D2548AEA6007366D7 /* KoPubDotumBold.ttf */ = {isa = PBXFileReference; lastKnownFileType = file; path = KoPubDotumBold.ttf; sourceTree = "<group>"; };
		8D1A4B822548AEB4007366D7 /* GmarketSansMedium.otf */ = {isa = PBXFileReference; lastKnownFileType = file; path = GmarketSansMedium.otf; sourceTree = "<group>"; };
		8D320E0C2548A74B0041D193 /* Plan.storyboard */ = {isa = PBXFileReference; fileEncoding = 4; lastKnownFileType = file.storyboard; path = Plan.storyboard; sourceTree = "<group>"; };
		8D320E142548A77A0041D193 /* Calendar.storyboard */ = {isa = PBXFileReference; fileEncoding = 4; lastKnownFileType = file.storyboard; path = Calendar.storyboard; sourceTree = "<group>"; };
		8D320E192548A7A80041D193 /* Study.storyboard */ = {isa = PBXFileReference; fileEncoding = 4; lastKnownFileType = file.storyboard; path = Study.storyboard; sourceTree = "<group>"; };
		8D3AC56225499F680059F950 /* ChallengeViewController.swift */ = {isa = PBXFileReference; lastKnownFileType = sourcecode.swift; path = ChallengeViewController.swift; sourceTree = "<group>"; };
		8D3AC56725499F730059F950 /* EventViewController.swift */ = {isa = PBXFileReference; lastKnownFileType = sourcecode.swift; path = EventViewController.swift; sourceTree = "<group>"; };
		8D3AC56D2549A6940059F950 /* ChallengeBannerTableViewCell.swift */ = {isa = PBXFileReference; lastKnownFileType = sourcecode.swift; path = ChallengeBannerTableViewCell.swift; sourceTree = "<group>"; };
		8D3AC56E2549A6940059F950 /* ChallengeBannerTableViewCell.xib */ = {isa = PBXFileReference; lastKnownFileType = file.xib; path = ChallengeBannerTableViewCell.xib; sourceTree = "<group>"; };
		8D3AC5772549A6AD0059F950 /* ChallengeContentTableViewCell.swift */ = {isa = PBXFileReference; lastKnownFileType = sourcecode.swift; path = ChallengeContentTableViewCell.swift; sourceTree = "<group>"; };
		8D3AC5782549A6AD0059F950 /* ChallengeContentTableViewCell.xib */ = {isa = PBXFileReference; lastKnownFileType = file.xib; path = ChallengeContentTableViewCell.xib; sourceTree = "<group>"; };
		8D3AC5832549BDB00059F950 /* EventBannerTableViewCell.swift */ = {isa = PBXFileReference; lastKnownFileType = sourcecode.swift; path = EventBannerTableViewCell.swift; sourceTree = "<group>"; };
		8D3AC5842549BDB00059F950 /* EventBannerTableViewCell.xib */ = {isa = PBXFileReference; lastKnownFileType = file.xib; path = EventBannerTableViewCell.xib; sourceTree = "<group>"; };
		8D3AC58A2549BDBF0059F950 /* EventContentTableViewCell.swift */ = {isa = PBXFileReference; lastKnownFileType = sourcecode.swift; path = EventContentTableViewCell.swift; sourceTree = "<group>"; };
		8D3AC58B2549BDBF0059F950 /* EventContentTableViewCell.xib */ = {isa = PBXFileReference; lastKnownFileType = file.xib; path = EventContentTableViewCell.xib; sourceTree = "<group>"; };
		8D3AC5912549C3BF0059F950 /* SubscriptionViewController.swift */ = {isa = PBXFileReference; lastKnownFileType = sourcecode.swift; path = SubscriptionViewController.swift; sourceTree = "<group>"; };
		8D4D6AD3254B0F460082DD07 /* AttendanceCompletionViewController.swift */ = {isa = PBXFileReference; lastKnownFileType = sourcecode.swift; path = AttendanceCompletionViewController.swift; sourceTree = "<group>"; };
		8D4D6ADF254B253D0082DD07 /* ko */ = {isa = PBXFileReference; lastKnownFileType = text.plist.strings; name = ko; path = ko.lproj/LaunchScreen.strings; sourceTree = "<group>"; };
		8D4D6AE0254B253D0082DD07 /* ko */ = {isa = PBXFileReference; lastKnownFileType = text.plist.strings; name = ko; path = ko.lproj/Main.strings; sourceTree = "<group>"; };
		8D4D6AEA254B26620082DD07 /* en */ = {isa = PBXFileReference; lastKnownFileType = text.plist.strings; name = en; path = en.lproj/InfoPlist.strings; sourceTree = "<group>"; };
		8D4D6AEF254B26640082DD07 /* ko */ = {isa = PBXFileReference; lastKnownFileType = text.plist.strings; name = ko; path = ko.lproj/InfoPlist.strings; sourceTree = "<group>"; };
		8D5D7040254A911C00618A27 /* CalendarTableViewCell.swift */ = {isa = PBXFileReference; lastKnownFileType = sourcecode.swift; path = CalendarTableViewCell.swift; sourceTree = "<group>"; };
		8D5D7041254A911C00618A27 /* CalendarTableViewCell.xib */ = {isa = PBXFileReference; lastKnownFileType = file.xib; path = CalendarTableViewCell.xib; sourceTree = "<group>"; };
		8D5F7896254C77B8001773B7 /* Base */ = {isa = PBXFileReference; lastKnownFileType = file.storyboard; name = Base; path = Split/Storyboard/Base.lproj/Attendance.storyboard; sourceTree = "<group>"; };
		8D6B0B8625581B7E00AA032F /* UserPlanList.swift */ = {isa = PBXFileReference; lastKnownFileType = sourcecode.swift; path = UserPlanList.swift; sourceTree = "<group>"; };
		8D9880AD255953A500BFA6CC /* AttendanceFailureViewController.swift */ = {isa = PBXFileReference; lastKnownFileType = sourcecode.swift; path = AttendanceFailureViewController.swift; sourceTree = "<group>"; };
		8D9E599E255590AE0091CE28 /* AttendanceTapGesture.swift */ = {isa = PBXFileReference; lastKnownFileType = sourcecode.swift; path = AttendanceTapGesture.swift; sourceTree = "<group>"; };
		8DCFAFCC25540A2F003E181E /* PlanAPI.swift */ = {isa = PBXFileReference; lastKnownFileType = sourcecode.swift; path = PlanAPI.swift; sourceTree = "<group>"; };
		8DCFAFD7255414EF003E181E /* CalendarAPI.swift */ = {isa = PBXFileReference; lastKnownFileType = sourcecode.swift; path = CalendarAPI.swift; sourceTree = "<group>"; };
		8DCFAFDE25541C73003E181E /* AttendanceModel.swift */ = {isa = PBXFileReference; lastKnownFileType = sourcecode.swift; path = AttendanceModel.swift; sourceTree = "<group>"; };
		8DD85DDC254A9B33006430C4 /* CalendarModel.swift */ = {isa = PBXFileReference; lastKnownFileType = sourcecode.swift; path = CalendarModel.swift; sourceTree = "<group>"; };
		8DD85DE1254AA218006430C4 /* PlanModel.swift */ = {isa = PBXFileReference; lastKnownFileType = sourcecode.swift; path = PlanModel.swift; sourceTree = "<group>"; };
		8DE705C52548AC3200768ACB /* StudyViewController.swift */ = {isa = PBXFileReference; lastKnownFileType = sourcecode.swift; path = StudyViewController.swift; sourceTree = "<group>"; };
		8DE705CA2548AC4200768ACB /* CalendarViewController.swift */ = {isa = PBXFileReference; lastKnownFileType = sourcecode.swift; path = CalendarViewController.swift; sourceTree = "<group>"; };
		8DE705CF2548AC5200768ACB /* PlanViewController.swift */ = {isa = PBXFileReference; lastKnownFileType = sourcecode.swift; path = PlanViewController.swift; sourceTree = "<group>"; };
		9110BD0AAC60AF661B0888BE /* Pods-Split.debug.xcconfig */ = {isa = PBXFileReference; includeInIndex = 1; lastKnownFileType = text.xcconfig; name = "Pods-Split.debug.xcconfig"; path = "Target Support Files/Pods-Split/Pods-Split.debug.xcconfig"; sourceTree = "<group>"; };
		9504611609E9A212EDA5038E /* Pods-Split-SplitUITests.release.xcconfig */ = {isa = PBXFileReference; includeInIndex = 1; lastKnownFileType = text.xcconfig; name = "Pods-Split-SplitUITests.release.xcconfig"; path = "Target Support Files/Pods-Split-SplitUITests/Pods-Split-SplitUITests.release.xcconfig"; sourceTree = "<group>"; };
		A559BC3A56C94F2C69628592 /* Pods-SplitTests.debug.xcconfig */ = {isa = PBXFileReference; includeInIndex = 1; lastKnownFileType = text.xcconfig; name = "Pods-SplitTests.debug.xcconfig"; path = "Target Support Files/Pods-SplitTests/Pods-SplitTests.debug.xcconfig"; sourceTree = "<group>"; };
		ADF8E8FDFDBFC03A70A25450 /* Pods_SplitTests.framework */ = {isa = PBXFileReference; explicitFileType = wrapper.framework; includeInIndex = 0; path = Pods_SplitTests.framework; sourceTree = BUILT_PRODUCTS_DIR; };
		D603E6DE9F4746E5DD66F290 /* Pods-Split-SplitUITests.debug.xcconfig */ = {isa = PBXFileReference; includeInIndex = 1; lastKnownFileType = text.xcconfig; name = "Pods-Split-SplitUITests.debug.xcconfig"; path = "Target Support Files/Pods-Split-SplitUITests/Pods-Split-SplitUITests.debug.xcconfig"; sourceTree = "<group>"; };
		D628684719F720C3E9C97BC5 /* Pods_Split_SplitUITests.framework */ = {isa = PBXFileReference; explicitFileType = wrapper.framework; includeInIndex = 0; path = Pods_Split_SplitUITests.framework; sourceTree = BUILT_PRODUCTS_DIR; };
		E967FB26588472FCBA164AF2 /* Pods-Split.release.xcconfig */ = {isa = PBXFileReference; includeInIndex = 1; lastKnownFileType = text.xcconfig; name = "Pods-Split.release.xcconfig"; path = "Target Support Files/Pods-Split/Pods-Split.release.xcconfig"; sourceTree = "<group>"; };
		FD0125D12537090B00AD92E8 /* SmsAuthViewController.swift */ = {isa = PBXFileReference; lastKnownFileType = sourcecode.swift; path = SmsAuthViewController.swift; sourceTree = "<group>"; };
		FD0125D92537093A00AD92E8 /* MemberVO.swift */ = {isa = PBXFileReference; lastKnownFileType = sourcecode.swift; path = MemberVO.swift; sourceTree = "<group>"; };
		FD2F4D212538CCE1000A3944 /* HomeViewController.swift */ = {isa = PBXFileReference; lastKnownFileType = sourcecode.swift; path = HomeViewController.swift; sourceTree = "<group>"; };
		FD2F4D33253DDE8D000A3944 /* MapViewController.swift */ = {isa = PBXFileReference; lastKnownFileType = sourcecode.swift; path = MapViewController.swift; sourceTree = "<group>"; };
		FD2F4D5F253F9823000A3944 /* SettingViewController.swift */ = {isa = PBXFileReference; lastKnownFileType = sourcecode.swift; path = SettingViewController.swift; sourceTree = "<group>"; };
		FD47C95C2550EFE1001D9252 /* PrivacyViewController.swift */ = {isa = PBXFileReference; lastKnownFileType = sourcecode.swift; path = PrivacyViewController.swift; sourceTree = "<group>"; };
		FD47C9612550F008001D9252 /* TermsAndUseViewViewController.swift */ = {isa = PBXFileReference; lastKnownFileType = sourcecode.swift; path = TermsAndUseViewViewController.swift; sourceTree = "<group>"; };
		FD47C9702552794B001D9252 /* MapVO.swift */ = {isa = PBXFileReference; lastKnownFileType = sourcecode.swift; path = MapVO.swift; sourceTree = "<group>"; };
		FD758E9B2556C3E400E2E2BB /* MapPopUpViewController.swift */ = {isa = PBXFileReference; lastKnownFileType = sourcecode.swift; path = MapPopUpViewController.swift; sourceTree = "<group>"; };
		FD80D3D025371239002D73B3 /* JoinViewController.swift */ = {isa = PBXFileReference; lastKnownFileType = sourcecode.swift; path = JoinViewController.swift; sourceTree = "<group>"; };
		FDB8B9B4255983DF008BCDCD /* GmarketSansBold.otf */ = {isa = PBXFileReference; lastKnownFileType = file; path = GmarketSansBold.otf; sourceTree = "<group>"; };
		FDB8B9B5255983DF008BCDCD /* GmarketSansLight.otf */ = {isa = PBXFileReference; lastKnownFileType = file; path = GmarketSansLight.otf; sourceTree = "<group>"; };
		FDB8B9BB255983F7008BCDCD /* Maplestory OTF Light.otf */ = {isa = PBXFileReference; lastKnownFileType = file; path = "Maplestory OTF Light.otf"; sourceTree = "<group>"; };
		FDB8B9BC255983F7008BCDCD /* Maplestory OTF Bold.otf */ = {isa = PBXFileReference; lastKnownFileType = file; path = "Maplestory OTF Bold.otf"; sourceTree = "<group>"; };
		FDB8B9C225598409008BCDCD /* KoPubDotumMedium.ttf */ = {isa = PBXFileReference; lastKnownFileType = file; path = KoPubDotumMedium.ttf; sourceTree = "<group>"; };
		FDB8B9C325598409008BCDCD /* KoPubDotumLight.ttf */ = {isa = PBXFileReference; lastKnownFileType = file; path = KoPubDotumLight.ttf; sourceTree = "<group>"; };
		FDB8BA23255C0256008BCDCD /* TabBarController.swift */ = {isa = PBXFileReference; lastKnownFileType = sourcecode.swift; path = TabBarController.swift; sourceTree = "<group>"; };
		FDE91C94254D1B9C00BAB8B0 /* Common.swift */ = {isa = PBXFileReference; lastKnownFileType = sourcecode.swift; path = Common.swift; sourceTree = "<group>"; };
		FDE91CDE254D62CA00BAB8B0 /* Assets.xcassets */ = {isa = PBXFileReference; lastKnownFileType = folder.assetcatalog; path = Assets.xcassets; sourceTree = "<group>"; };
/* End PBXFileReference section */

/* Begin PBXFrameworksBuildPhase section */
		8D0E5864252F735B0011C102 /* Frameworks */ = {
			isa = PBXFrameworksBuildPhase;
			buildActionMask = 2147483647;
			files = (
				834FEE07FB5DF86C157A3E1B /* Pods_Split.framework in Frameworks */,
			);
			runOnlyForDeploymentPostprocessing = 0;
		};
		8D0E587A252F735D0011C102 /* Frameworks */ = {
			isa = PBXFrameworksBuildPhase;
			buildActionMask = 2147483647;
			files = (
				944F2576C8D14D316B8D3BFC /* Pods_SplitTests.framework in Frameworks */,
			);
			runOnlyForDeploymentPostprocessing = 0;
		};
		8D0E5885252F735D0011C102 /* Frameworks */ = {
			isa = PBXFrameworksBuildPhase;
			buildActionMask = 2147483647;
			files = (
				1364CA18885B2863997927C6 /* Pods_Split_SplitUITests.framework in Frameworks */,
			);
			runOnlyForDeploymentPostprocessing = 0;
		};
/* End PBXFrameworksBuildPhase section */

/* Begin PBXGroup section */
		49DD8E7B762ACAC4D209EE16 /* Frameworks */ = {
			isa = PBXGroup;
			children = (
				86072891731C70E6C81065FA /* Pods_Split.framework */,
				D628684719F720C3E9C97BC5 /* Pods_Split_SplitUITests.framework */,
				ADF8E8FDFDBFC03A70A25450 /* Pods_SplitTests.framework */,
			);
			name = Frameworks;
			sourceTree = "<group>";
		};
		5455E0B9C75C01F6F6A910E7 /* Pods */ = {
			isa = PBXGroup;
			children = (
				9110BD0AAC60AF661B0888BE /* Pods-Split.debug.xcconfig */,
				E967FB26588472FCBA164AF2 /* Pods-Split.release.xcconfig */,
				D603E6DE9F4746E5DD66F290 /* Pods-Split-SplitUITests.debug.xcconfig */,
				9504611609E9A212EDA5038E /* Pods-Split-SplitUITests.release.xcconfig */,
				A559BC3A56C94F2C69628592 /* Pods-SplitTests.debug.xcconfig */,
				5AE2064D4F3DD0F9A2B7C4B3 /* Pods-SplitTests.release.xcconfig */,
			);
			path = Pods;
			sourceTree = "<group>";
		};
		8D0E585E252F735B0011C102 = {
			isa = PBXGroup;
			children = (
				8D0E5869252F735B0011C102 /* Split */,
				8D0E5880252F735D0011C102 /* SplitTests */,
				8D0E588B252F735D0011C102 /* SplitUITests */,
				8D0E5868252F735B0011C102 /* Products */,
				5455E0B9C75C01F6F6A910E7 /* Pods */,
				49DD8E7B762ACAC4D209EE16 /* Frameworks */,
			);
			sourceTree = "<group>";
		};
		8D0E5868252F735B0011C102 /* Products */ = {
			isa = PBXGroup;
			children = (
				8D0E5867252F735B0011C102 /* Split.app */,
				8D0E587D252F735D0011C102 /* SplitTests.xctest */,
				8D0E5888252F735D0011C102 /* SplitUITests.xctest */,
			);
			name = Products;
			sourceTree = "<group>";
		};
		8D0E5869252F735B0011C102 /* Split */ = {
			isa = PBXGroup;
			children = (
				8D0E5878252F735D0011C102 /* Info.plist */,
				8D4D6AEB254B26620082DD07 /* InfoPlist.strings */,
				8D258C762548AA3800C915BA /* Support */,
				8D258C712548A9E400C915BA /* Home */,
				FD2F4D32253DDE69000A3944 /* Map */,
				8D4D6AD1254B0F1E0082DD07 /* Attendance */,
				8D258C752548AA1B00C915BA /* Study */,
				8D258C732548AA0B00C915BA /* Calendar */,
				8D258C742548AA1600C915BA /* Plan */,
				FD0125C12537087200AD92E8 /* Member */,
				8DBF80182548A52800989AD0 /* Storyboard */,
			);
			path = Split;
			sourceTree = "<group>";
		};
		8D0E5880252F735D0011C102 /* SplitTests */ = {
			isa = PBXGroup;
			children = (
				8D0E5881252F735D0011C102 /* SplitTests.swift */,
				8D0E5883252F735D0011C102 /* Info.plist */,
			);
			path = SplitTests;
			sourceTree = "<group>";
		};
		8D0E588B252F735D0011C102 /* SplitUITests */ = {
			isa = PBXGroup;
			children = (
				8D0E588C252F735D0011C102 /* SplitUITests.swift */,
				8D0E588E252F735D0011C102 /* Info.plist */,
			);
			path = SplitUITests;
			sourceTree = "<group>";
		};
		8D258C712548A9E400C915BA /* Home */ = {
			isa = PBXGroup;
			children = (
				8D258C722548A9FE00C915BA /* Controller */,
			);
			path = Home;
			sourceTree = "<group>";
		};
		8D258C722548A9FE00C915BA /* Controller */ = {
			isa = PBXGroup;
			children = (
				FD2F4D212538CCE1000A3944 /* HomeViewController.swift */,
				FDB8BA23255C0256008BCDCD /* TabBarController.swift */,
			);
			path = Controller;
			sourceTree = "<group>";
		};
		8D258C732548AA0B00C915BA /* Calendar */ = {
			isa = PBXGroup;
			children = (
				8DCFAFD6255414DE003E181E /* Model */,
				8DCFAFD4255414C5003E181E /* API */,
				8DB587D925497F470039F3C3 /* Controller */,
			);
			path = Calendar;
			sourceTree = "<group>";
		};
		8D258C742548AA1600C915BA /* Plan */ = {
			isa = PBXGroup;
			children = (
				8DCFAFCB25540A1F003E181E /* Model */,
				8DCFAFCA25540A0F003E181E /* API */,
				8DB587DB25497F660039F3C3 /* Controller */,
			);
			path = Plan;
			sourceTree = "<group>";
		};
		8D258C752548AA1B00C915BA /* Study */ = {
			isa = PBXGroup;
			children = (
				8DB587DA25497F590039F3C3 /* Controller */,
			);
			path = Study;
			sourceTree = "<group>";
		};
		8D258C762548AA3800C915BA /* Support */ = {
			isa = PBXGroup;
			children = (
				8D0E586C252F735B0011C102 /* SceneDelegate.swift */,
				8D0E586A252F735B0011C102 /* AppDelegate.swift */,
				FDE91CDE254D62CA00BAB8B0 /* Assets.xcassets */,
				FDE91C94254D1B9C00BAB8B0 /* Common.swift */,
				8DBF800A2548A33F00989AD0 /* Font */,
			);
			path = Support;
			sourceTree = "<group>";
		};
		8D3AC56C2549A66E0059F950 /* Cell */ = {
			isa = PBXGroup;
			children = (
				8D3AC57E2549BD730059F950 /* Challenge */,
				8D3AC57F2549BD810059F950 /* Event */,
			);
			path = Cell;
			sourceTree = "<group>";
		};
		8D3AC57E2549BD730059F950 /* Challenge */ = {
			isa = PBXGroup;
			children = (
				8D3AC56D2549A6940059F950 /* ChallengeBannerTableViewCell.swift */,
				8D3AC56E2549A6940059F950 /* ChallengeBannerTableViewCell.xib */,
				8D3AC5772549A6AD0059F950 /* ChallengeContentTableViewCell.swift */,
				8D3AC5782549A6AD0059F950 /* ChallengeContentTableViewCell.xib */,
			);
			path = Challenge;
			sourceTree = "<group>";
		};
		8D3AC57F2549BD810059F950 /* Event */ = {
			isa = PBXGroup;
			children = (
				8D3AC5832549BDB00059F950 /* EventBannerTableViewCell.swift */,
				8D3AC5842549BDB00059F950 /* EventBannerTableViewCell.xib */,
				8D3AC58A2549BDBF0059F950 /* EventContentTableViewCell.swift */,
				8D3AC58B2549BDBF0059F950 /* EventContentTableViewCell.xib */,
			);
			path = Event;
			sourceTree = "<group>";
		};
		8D4D6AD1254B0F1E0082DD07 /* Attendance */ = {
			isa = PBXGroup;
			children = (
				8D9E599D255590930091CE28 /* Custom */,
				8DCFAFDC25541C49003E181E /* Model */,
				8DCFAFDD25541C53003E181E /* API */,
				8D4D6AD2254B0F310082DD07 /* Controller */,
			);
			path = Attendance;
			sourceTree = "<group>";
		};
		8D4D6AD2254B0F310082DD07 /* Controller */ = {
			isa = PBXGroup;
			children = (
				8D115982254C788A00241BE6 /* AttendanceViewController.swift */,
				8D4D6AD3254B0F460082DD07 /* AttendanceCompletionViewController.swift */,
				8D9880AD255953A500BFA6CC /* AttendanceFailureViewController.swift */,
			);
			path = Controller;
			sourceTree = "<group>";
		};
		8D5D703F254A90F000618A27 /* Cell */ = {
			isa = PBXGroup;
			children = (
				8D5D7040254A911C00618A27 /* CalendarTableViewCell.swift */,
				8D5D7041254A911C00618A27 /* CalendarTableViewCell.xib */,
			);
			path = Cell;
			sourceTree = "<group>";
		};
		8D9E599D255590930091CE28 /* Custom */ = {
			isa = PBXGroup;
			children = (
				8D9E599E255590AE0091CE28 /* AttendanceTapGesture.swift */,
			);
			path = Custom;
			sourceTree = "<group>";
		};
		8DB587D925497F470039F3C3 /* Controller */ = {
			isa = PBXGroup;
			children = (
				8DE705CA2548AC4200768ACB /* CalendarViewController.swift */,
				8D5D703F254A90F000618A27 /* Cell */,
			);
			path = Controller;
			sourceTree = "<group>";
		};
		8DB587DA25497F590039F3C3 /* Controller */ = {
			isa = PBXGroup;
			children = (
				8DE705C52548AC3200768ACB /* StudyViewController.swift */,
			);
			path = Controller;
			sourceTree = "<group>";
		};
		8DB587DB25497F660039F3C3 /* Controller */ = {
			isa = PBXGroup;
			children = (
				8DE705CF2548AC5200768ACB /* PlanViewController.swift */,
				8D3AC56225499F680059F950 /* ChallengeViewController.swift */,
				8D3AC56725499F730059F950 /* EventViewController.swift */,
				8D3AC5912549C3BF0059F950 /* SubscriptionViewController.swift */,
				8D3AC56C2549A66E0059F950 /* Cell */,
			);
			path = Controller;
			sourceTree = "<group>";
		};
		8DBF800A2548A33F00989AD0 /* Font */ = {
			isa = PBXGroup;
			children = (
				8D1A4B7D2548AEA6007366D7 /* KoPubDotumBold.ttf */,
				FDB8B9C225598409008BCDCD /* KoPubDotumMedium.ttf */,
				FDB8B9C325598409008BCDCD /* KoPubDotumLight.ttf */,
				FDB8B9B4255983DF008BCDCD /* GmarketSansBold.otf */,
				8D1A4B822548AEB4007366D7 /* GmarketSansMedium.otf */,
				FDB8B9B5255983DF008BCDCD /* GmarketSansLight.otf */,
				FDB8B9BC255983F7008BCDCD /* Maplestory OTF Bold.otf */,
				FDB8B9BB255983F7008BCDCD /* Maplestory OTF Light.otf */,
			);
			path = Font;
			sourceTree = "<group>";
		};
		8DBF80182548A52800989AD0 /* Storyboard */ = {
			isa = PBXGroup;
			children = (
				8D0E5875252F735D0011C102 /* LaunchScreen.storyboard */,
				8D0E5870252F735B0011C102 /* Main.storyboard */,
				8D5F7895254C77B8001773B7 /* Attendance.storyboard */,
				8D320E192548A7A80041D193 /* Study.storyboard */,
				8D320E142548A77A0041D193 /* Calendar.storyboard */,
				8D320E0C2548A74B0041D193 /* Plan.storyboard */,
			);
			path = Storyboard;
			sourceTree = "<group>";
		};
		8DCFAFCA25540A0F003E181E /* API */ = {
			isa = PBXGroup;
			children = (
				8DCFAFCC25540A2F003E181E /* PlanAPI.swift */,
			);
			path = API;
			sourceTree = "<group>";
		};
		8DCFAFCB25540A1F003E181E /* Model */ = {
			isa = PBXGroup;
			children = (
				8DD85DE1254AA218006430C4 /* PlanModel.swift */,
			);
			path = Model;
			sourceTree = "<group>";
		};
		8DCFAFD4255414C5003E181E /* API */ = {
			isa = PBXGroup;
			children = (
				8DCFAFD7255414EF003E181E /* CalendarAPI.swift */,
			);
			path = API;
			sourceTree = "<group>";
		};
		8DCFAFD6255414DE003E181E /* Model */ = {
			isa = PBXGroup;
			children = (
				8DD85DDC254A9B33006430C4 /* CalendarModel.swift */,
				8D6B0B8625581B7E00AA032F /* UserPlanList.swift */,
			);
			path = Model;
			sourceTree = "<group>";
		};
		8DCFAFDC25541C49003E181E /* Model */ = {
			isa = PBXGroup;
			children = (
				8DCFAFDE25541C73003E181E /* AttendanceModel.swift */,
			);
			path = Model;
			sourceTree = "<group>";
		};
		8DCFAFDD25541C53003E181E /* API */ = {
			isa = PBXGroup;
			children = (
			);
			path = API;
			sourceTree = "<group>";
		};
		FD0125C12537087200AD92E8 /* Member */ = {
			isa = PBXGroup;
			children = (
				FD2F4D4A253DF58A000A3944 /* Controller */,
				FD0125D0253708CB00AD92E8 /* Model */,
			);
			path = Member;
			sourceTree = "<group>";
		};
		FD0125D0253708CB00AD92E8 /* Model */ = {
			isa = PBXGroup;
			children = (
				FD0125D92537093A00AD92E8 /* MemberVO.swift */,
			);
			path = Model;
			sourceTree = "<group>";
		};
		FD2F4D32253DDE69000A3944 /* Map */ = {
			isa = PBXGroup;
			children = (
				FD47C96F2552790B001D9252 /* Model */,
				FD47C96E25527901001D9252 /* Controller */,
			);
			path = Map;
			sourceTree = "<group>";
		};
		FD2F4D4A253DF58A000A3944 /* Controller */ = {
			isa = PBXGroup;
			children = (
				FD0125D12537090B00AD92E8 /* SmsAuthViewController.swift */,
				FD80D3D025371239002D73B3 /* JoinViewController.swift */,
				FD2F4D5F253F9823000A3944 /* SettingViewController.swift */,
				FD47C95C2550EFE1001D9252 /* PrivacyViewController.swift */,
				FD47C9612550F008001D9252 /* TermsAndUseViewViewController.swift */,
			);
			path = Controller;
			sourceTree = "<group>";
		};
		FD47C96E25527901001D9252 /* Controller */ = {
			isa = PBXGroup;
			children = (
				FD2F4D33253DDE8D000A3944 /* MapViewController.swift */,
				FD758E9B2556C3E400E2E2BB /* MapPopUpViewController.swift */,
			);
			path = Controller;
			sourceTree = "<group>";
		};
		FD47C96F2552790B001D9252 /* Model */ = {
			isa = PBXGroup;
			children = (
				FD47C9702552794B001D9252 /* MapVO.swift */,
			);
			path = Model;
			sourceTree = "<group>";
		};
/* End PBXGroup section */

/* Begin PBXNativeTarget section */
		8D0E5866252F735B0011C102 /* Split */ = {
			isa = PBXNativeTarget;
			buildConfigurationList = 8D0E5891252F735D0011C102 /* Build configuration list for PBXNativeTarget "Split" */;
			buildPhases = (
				F6974A9292917AEAEDAAFA5F /* [CP] Check Pods Manifest.lock */,
				8D0E5863252F735B0011C102 /* Sources */,
				8D0E5864252F735B0011C102 /* Frameworks */,
				8D0E5865252F735B0011C102 /* Resources */,
				DA5B145E6215E49FAE14C173 /* [CP] Embed Pods Frameworks */,
			);
			buildRules = (
			);
			dependencies = (
			);
			name = Split;
			productName = Split;
			productReference = 8D0E5867252F735B0011C102 /* Split.app */;
			productType = "com.apple.product-type.application";
		};
		8D0E587C252F735D0011C102 /* SplitTests */ = {
			isa = PBXNativeTarget;
			buildConfigurationList = 8D0E5894252F735D0011C102 /* Build configuration list for PBXNativeTarget "SplitTests" */;
			buildPhases = (
				ABFA1F3E657C3682C7A599BA /* [CP] Check Pods Manifest.lock */,
				8D0E5879252F735D0011C102 /* Sources */,
				8D0E587A252F735D0011C102 /* Frameworks */,
				8D0E587B252F735D0011C102 /* Resources */,
			);
			buildRules = (
			);
			dependencies = (
				8D0E587F252F735D0011C102 /* PBXTargetDependency */,
			);
			name = SplitTests;
			productName = SplitTests;
			productReference = 8D0E587D252F735D0011C102 /* SplitTests.xctest */;
			productType = "com.apple.product-type.bundle.unit-test";
		};
		8D0E5887252F735D0011C102 /* SplitUITests */ = {
			isa = PBXNativeTarget;
			buildConfigurationList = 8D0E5897252F735D0011C102 /* Build configuration list for PBXNativeTarget "SplitUITests" */;
			buildPhases = (
				A6A31F24E8B2B7B7D032F58B /* [CP] Check Pods Manifest.lock */,
				8D0E5884252F735D0011C102 /* Sources */,
				8D0E5885252F735D0011C102 /* Frameworks */,
				8D0E5886252F735D0011C102 /* Resources */,
				B57CF8B22CC1E91D8F1243AC /* [CP] Embed Pods Frameworks */,
			);
			buildRules = (
			);
			dependencies = (
				8D0E588A252F735D0011C102 /* PBXTargetDependency */,
			);
			name = SplitUITests;
			productName = SplitUITests;
			productReference = 8D0E5888252F735D0011C102 /* SplitUITests.xctest */;
			productType = "com.apple.product-type.bundle.ui-testing";
		};
/* End PBXNativeTarget section */

/* Begin PBXProject section */
		8D0E585F252F735B0011C102 /* Project object */ = {
			isa = PBXProject;
			attributes = {
				LastSwiftUpdateCheck = 1200;
				LastUpgradeCheck = 1200;
				TargetAttributes = {
					8D0E5866252F735B0011C102 = {
						CreatedOnToolsVersion = 12.0.1;
					};
					8D0E587C252F735D0011C102 = {
						CreatedOnToolsVersion = 12.0.1;
						TestTargetID = 8D0E5866252F735B0011C102;
					};
					8D0E5887252F735D0011C102 = {
						CreatedOnToolsVersion = 12.0.1;
						TestTargetID = 8D0E5866252F735B0011C102;
					};
				};
			};
			buildConfigurationList = 8D0E5862252F735B0011C102 /* Build configuration list for PBXProject "Split" */;
			compatibilityVersion = "Xcode 9.3";
			developmentRegion = en;
			hasScannedForEncodings = 0;
			knownRegions = (
				en,
				Base,
				ko,
			);
			mainGroup = 8D0E585E252F735B0011C102;
			productRefGroup = 8D0E5868252F735B0011C102 /* Products */;
			projectDirPath = "";
			projectRoot = "";
			targets = (
				8D0E5866252F735B0011C102 /* Split */,
				8D0E587C252F735D0011C102 /* SplitTests */,
				8D0E5887252F735D0011C102 /* SplitUITests */,
			);
		};
/* End PBXProject section */

/* Begin PBXResourcesBuildPhase section */
		8D0E5865252F735B0011C102 /* Resources */ = {
			isa = PBXResourcesBuildPhase;
			buildActionMask = 2147483647;
			files = (
				FDB8B9BD255983F7008BCDCD /* Maplestory OTF Light.otf in Resources */,
				8D320E1A2548A7A80041D193 /* Study.storyboard in Resources */,
				8D0E5877252F735D0011C102 /* LaunchScreen.storyboard in Resources */,
				8D5F7897254C77B8001773B7 /* Attendance.storyboard in Resources */,
				8D1A4B7E2548AEA6007366D7 /* KoPubDotumBold.ttf in Resources */,
				FDE91CDF254D62CA00BAB8B0 /* Assets.xcassets in Resources */,
				8D4D6AE9254B26620082DD07 /* InfoPlist.strings in Resources */,
				FDB8B9C425598409008BCDCD /* KoPubDotumMedium.ttf in Resources */,
				8D3AC5702549A6940059F950 /* ChallengeBannerTableViewCell.xib in Resources */,
				8D3AC57A2549A6AD0059F950 /* ChallengeContentTableViewCell.xib in Resources */,
				8D3AC58D2549BDBF0059F950 /* EventContentTableViewCell.xib in Resources */,
				FDB8B9BE255983F7008BCDCD /* Maplestory OTF Bold.otf in Resources */,
				8D5D7043254A911C00618A27 /* CalendarTableViewCell.xib in Resources */,
				8D320E0D2548A74B0041D193 /* Plan.storyboard in Resources */,
				FDB8B9B7255983DF008BCDCD /* GmarketSansLight.otf in Resources */,
				FDB8B9B6255983DF008BCDCD /* GmarketSansBold.otf in Resources */,
				8D1A4B832548AEB4007366D7 /* GmarketSansMedium.otf in Resources */,
				8D3AC5862549BDB00059F950 /* EventBannerTableViewCell.xib in Resources */,
				FDB8B9C525598409008BCDCD /* KoPubDotumLight.ttf in Resources */,
				8D0E5872252F735B0011C102 /* Main.storyboard in Resources */,
				8D320E152548A77A0041D193 /* Calendar.storyboard in Resources */,
			);
			runOnlyForDeploymentPostprocessing = 0;
		};
		8D0E587B252F735D0011C102 /* Resources */ = {
			isa = PBXResourcesBuildPhase;
			buildActionMask = 2147483647;
			files = (
			);
			runOnlyForDeploymentPostprocessing = 0;
		};
		8D0E5886252F735D0011C102 /* Resources */ = {
			isa = PBXResourcesBuildPhase;
			buildActionMask = 2147483647;
			files = (
			);
			runOnlyForDeploymentPostprocessing = 0;
		};
/* End PBXResourcesBuildPhase section */

/* Begin PBXShellScriptBuildPhase section */
		A6A31F24E8B2B7B7D032F58B /* [CP] Check Pods Manifest.lock */ = {
			isa = PBXShellScriptBuildPhase;
			buildActionMask = 2147483647;
			files = (
			);
			inputFileListPaths = (
			);
			inputPaths = (
				"${PODS_PODFILE_DIR_PATH}/Podfile.lock",
				"${PODS_ROOT}/Manifest.lock",
			);
			name = "[CP] Check Pods Manifest.lock";
			outputFileListPaths = (
			);
			outputPaths = (
				"$(DERIVED_FILE_DIR)/Pods-Split-SplitUITests-checkManifestLockResult.txt",
			);
			runOnlyForDeploymentPostprocessing = 0;
			shellPath = /bin/sh;
			shellScript = "diff \"${PODS_PODFILE_DIR_PATH}/Podfile.lock\" \"${PODS_ROOT}/Manifest.lock\" > /dev/null\nif [ $? != 0 ] ; then\n    # print error to STDERR\n    echo \"error: The sandbox is not in sync with the Podfile.lock. Run 'pod install' or update your CocoaPods installation.\" >&2\n    exit 1\nfi\n# This output is used by Xcode 'outputs' to avoid re-running this script phase.\necho \"SUCCESS\" > \"${SCRIPT_OUTPUT_FILE_0}\"\n";
			showEnvVarsInLog = 0;
		};
		ABFA1F3E657C3682C7A599BA /* [CP] Check Pods Manifest.lock */ = {
			isa = PBXShellScriptBuildPhase;
			buildActionMask = 2147483647;
			files = (
			);
			inputFileListPaths = (
			);
			inputPaths = (
				"${PODS_PODFILE_DIR_PATH}/Podfile.lock",
				"${PODS_ROOT}/Manifest.lock",
			);
			name = "[CP] Check Pods Manifest.lock";
			outputFileListPaths = (
			);
			outputPaths = (
				"$(DERIVED_FILE_DIR)/Pods-SplitTests-checkManifestLockResult.txt",
			);
			runOnlyForDeploymentPostprocessing = 0;
			shellPath = /bin/sh;
			shellScript = "diff \"${PODS_PODFILE_DIR_PATH}/Podfile.lock\" \"${PODS_ROOT}/Manifest.lock\" > /dev/null\nif [ $? != 0 ] ; then\n    # print error to STDERR\n    echo \"error: The sandbox is not in sync with the Podfile.lock. Run 'pod install' or update your CocoaPods installation.\" >&2\n    exit 1\nfi\n# This output is used by Xcode 'outputs' to avoid re-running this script phase.\necho \"SUCCESS\" > \"${SCRIPT_OUTPUT_FILE_0}\"\n";
			showEnvVarsInLog = 0;
		};
		B57CF8B22CC1E91D8F1243AC /* [CP] Embed Pods Frameworks */ = {
			isa = PBXShellScriptBuildPhase;
			buildActionMask = 2147483647;
			files = (
			);
			inputFileListPaths = (
				"${PODS_ROOT}/Target Support Files/Pods-Split-SplitUITests/Pods-Split-SplitUITests-frameworks-${CONFIGURATION}-input-files.xcfilelist",
			);
			name = "[CP] Embed Pods Frameworks";
			outputFileListPaths = (
				"${PODS_ROOT}/Target Support Files/Pods-Split-SplitUITests/Pods-Split-SplitUITests-frameworks-${CONFIGURATION}-output-files.xcfilelist",
			);
			runOnlyForDeploymentPostprocessing = 0;
			shellPath = /bin/sh;
			shellScript = "\"${PODS_ROOT}/Target Support Files/Pods-Split-SplitUITests/Pods-Split-SplitUITests-frameworks.sh\"\n";
			showEnvVarsInLog = 0;
		};
		DA5B145E6215E49FAE14C173 /* [CP] Embed Pods Frameworks */ = {
			isa = PBXShellScriptBuildPhase;
			buildActionMask = 2147483647;
			files = (
			);
			inputFileListPaths = (
				"${PODS_ROOT}/Target Support Files/Pods-Split/Pods-Split-frameworks-${CONFIGURATION}-input-files.xcfilelist",
			);
			name = "[CP] Embed Pods Frameworks";
			outputFileListPaths = (
				"${PODS_ROOT}/Target Support Files/Pods-Split/Pods-Split-frameworks-${CONFIGURATION}-output-files.xcfilelist",
			);
			runOnlyForDeploymentPostprocessing = 0;
			shellPath = /bin/sh;
			shellScript = "\"${PODS_ROOT}/Target Support Files/Pods-Split/Pods-Split-frameworks.sh\"\n";
			showEnvVarsInLog = 0;
		};
		F6974A9292917AEAEDAAFA5F /* [CP] Check Pods Manifest.lock */ = {
			isa = PBXShellScriptBuildPhase;
			buildActionMask = 2147483647;
			files = (
			);
			inputFileListPaths = (
			);
			inputPaths = (
				"${PODS_PODFILE_DIR_PATH}/Podfile.lock",
				"${PODS_ROOT}/Manifest.lock",
			);
			name = "[CP] Check Pods Manifest.lock";
			outputFileListPaths = (
			);
			outputPaths = (
				"$(DERIVED_FILE_DIR)/Pods-Split-checkManifestLockResult.txt",
			);
			runOnlyForDeploymentPostprocessing = 0;
			shellPath = /bin/sh;
			shellScript = "diff \"${PODS_PODFILE_DIR_PATH}/Podfile.lock\" \"${PODS_ROOT}/Manifest.lock\" > /dev/null\nif [ $? != 0 ] ; then\n    # print error to STDERR\n    echo \"error: The sandbox is not in sync with the Podfile.lock. Run 'pod install' or update your CocoaPods installation.\" >&2\n    exit 1\nfi\n# This output is used by Xcode 'outputs' to avoid re-running this script phase.\necho \"SUCCESS\" > \"${SCRIPT_OUTPUT_FILE_0}\"\n";
			showEnvVarsInLog = 0;
		};
/* End PBXShellScriptBuildPhase section */

/* Begin PBXSourcesBuildPhase section */
		8D0E5863252F735B0011C102 /* Sources */ = {
			isa = PBXSourcesBuildPhase;
			buildActionMask = 2147483647;
			files = (
				8D3AC5922549C3BF0059F950 /* SubscriptionViewController.swift in Sources */,
				8DD85DDD254A9B33006430C4 /* CalendarModel.swift in Sources */,
				8DE705CB2548AC4200768ACB /* CalendarViewController.swift in Sources */,
				8D4D6AD4254B0F460082DD07 /* AttendanceCompletionViewController.swift in Sources */,
				8D0E586B252F735B0011C102 /* AppDelegate.swift in Sources */,
				8D3AC56825499F730059F950 /* EventViewController.swift in Sources */,
				8DD85DE2254AA218006430C4 /* PlanModel.swift in Sources */,
				8D9880AE255953A600BFA6CC /* AttendanceFailureViewController.swift in Sources */,
				8D5D7042254A911C00618A27 /* CalendarTableViewCell.swift in Sources */,
				8D115983254C788A00241BE6 /* AttendanceViewController.swift in Sources */,
				FD758E9C2556C3E400E2E2BB /* MapPopUpViewController.swift in Sources */,
				FD0125D22537090B00AD92E8 /* SmsAuthViewController.swift in Sources */,
				8D3AC58C2549BDBF0059F950 /* EventContentTableViewCell.swift in Sources */,
				8D3AC5852549BDB00059F950 /* EventBannerTableViewCell.swift in Sources */,
				8D0E586D252F735B0011C102 /* SceneDelegate.swift in Sources */,
				8DCFAFCD25540A2F003E181E /* PlanAPI.swift in Sources */,
				FD2F4D60253F9823000A3944 /* SettingViewController.swift in Sources */,
				8DE705C62548AC3200768ACB /* StudyViewController.swift in Sources */,
				FD47C9622550F008001D9252 /* TermsAndUseViewViewController.swift in Sources */,
				FD47C9712552794B001D9252 /* MapVO.swift in Sources */,
				FDB8BA24255C0256008BCDCD /* TabBarController.swift in Sources */,
				8D3AC5792549A6AD0059F950 /* ChallengeContentTableViewCell.swift in Sources */,
				8D6B0B8725581B7E00AA032F /* UserPlanList.swift in Sources */,
				FDE91C95254D1B9C00BAB8B0 /* Common.swift in Sources */,
				FD47C95D2550EFE1001D9252 /* PrivacyViewController.swift in Sources */,
				8D3AC56F2549A6940059F950 /* ChallengeBannerTableViewCell.swift in Sources */,
				FD80D3D125371239002D73B3 /* JoinViewController.swift in Sources */,
				8DE705D02548AC5200768ACB /* PlanViewController.swift in Sources */,
				8DCFAFD8255414EF003E181E /* CalendarAPI.swift in Sources */,
				FD0125DA2537093A00AD92E8 /* MemberVO.swift in Sources */,
				8D9E599F255590AE0091CE28 /* AttendanceTapGesture.swift in Sources */,
				FD2F4D222538CCE1000A3944 /* HomeViewController.swift in Sources */,
				8D3AC56325499F680059F950 /* ChallengeViewController.swift in Sources */,
				8DCFAFDF25541C73003E181E /* AttendanceModel.swift in Sources */,
				FD2F4D34253DDE8D000A3944 /* MapViewController.swift in Sources */,
			);
			runOnlyForDeploymentPostprocessing = 0;
		};
		8D0E5879252F735D0011C102 /* Sources */ = {
			isa = PBXSourcesBuildPhase;
			buildActionMask = 2147483647;
			files = (
				8D0E5882252F735D0011C102 /* SplitTests.swift in Sources */,
			);
			runOnlyForDeploymentPostprocessing = 0;
		};
		8D0E5884252F735D0011C102 /* Sources */ = {
			isa = PBXSourcesBuildPhase;
			buildActionMask = 2147483647;
			files = (
				8D0E588D252F735D0011C102 /* SplitUITests.swift in Sources */,
			);
			runOnlyForDeploymentPostprocessing = 0;
		};
/* End PBXSourcesBuildPhase section */

/* Begin PBXTargetDependency section */
		8D0E587F252F735D0011C102 /* PBXTargetDependency */ = {
			isa = PBXTargetDependency;
			target = 8D0E5866252F735B0011C102 /* Split */;
			targetProxy = 8D0E587E252F735D0011C102 /* PBXContainerItemProxy */;
		};
		8D0E588A252F735D0011C102 /* PBXTargetDependency */ = {
			isa = PBXTargetDependency;
			target = 8D0E5866252F735B0011C102 /* Split */;
			targetProxy = 8D0E5889252F735D0011C102 /* PBXContainerItemProxy */;
		};
/* End PBXTargetDependency section */

/* Begin PBXVariantGroup section */
		8D0E5870252F735B0011C102 /* Main.storyboard */ = {
			isa = PBXVariantGroup;
			children = (
				8D0E5871252F735B0011C102 /* Base */,
				8D4D6AE0254B253D0082DD07 /* ko */,
			);
			name = Main.storyboard;
			sourceTree = "<group>";
		};
		8D0E5875252F735D0011C102 /* LaunchScreen.storyboard */ = {
			isa = PBXVariantGroup;
			children = (
				8D0E5876252F735D0011C102 /* Base */,
				8D4D6ADF254B253D0082DD07 /* ko */,
			);
			name = LaunchScreen.storyboard;
			sourceTree = "<group>";
		};
		8D4D6AEB254B26620082DD07 /* InfoPlist.strings */ = {
			isa = PBXVariantGroup;
			children = (
				8D4D6AEA254B26620082DD07 /* en */,
				8D4D6AEF254B26640082DD07 /* ko */,
			);
			name = InfoPlist.strings;
			sourceTree = "<group>";
		};
		8D5F7895254C77B8001773B7 /* Attendance.storyboard */ = {
			isa = PBXVariantGroup;
			children = (
				8D5F7896254C77B8001773B7 /* Base */,
			);
			name = Attendance.storyboard;
			sourceTree = "<group>";
		};
/* End PBXVariantGroup section */

/* Begin XCBuildConfiguration section */
		8D0E588F252F735D0011C102 /* Debug */ = {
			isa = XCBuildConfiguration;
			buildSettings = {
				ALWAYS_SEARCH_USER_PATHS = NO;
				CLANG_ANALYZER_LOCALIZABILITY_NONLOCALIZED = YES;
				CLANG_ANALYZER_NONNULL = YES;
				CLANG_ANALYZER_NUMBER_OBJECT_CONVERSION = YES_AGGRESSIVE;
				CLANG_CXX_LANGUAGE_STANDARD = "gnu++14";
				CLANG_CXX_LIBRARY = "libc++";
				CLANG_ENABLE_MODULES = YES;
				CLANG_ENABLE_OBJC_ARC = YES;
				CLANG_ENABLE_OBJC_WEAK = YES;
				CLANG_WARN_BLOCK_CAPTURE_AUTORELEASING = YES;
				CLANG_WARN_BOOL_CONVERSION = YES;
				CLANG_WARN_COMMA = YES;
				CLANG_WARN_CONSTANT_CONVERSION = YES;
				CLANG_WARN_DEPRECATED_OBJC_IMPLEMENTATIONS = YES;
				CLANG_WARN_DIRECT_OBJC_ISA_USAGE = YES_ERROR;
				CLANG_WARN_DOCUMENTATION_COMMENTS = YES;
				CLANG_WARN_EMPTY_BODY = YES;
				CLANG_WARN_ENUM_CONVERSION = YES;
				CLANG_WARN_INFINITE_RECURSION = YES;
				CLANG_WARN_INT_CONVERSION = YES;
				CLANG_WARN_NON_LITERAL_NULL_CONVERSION = YES;
				CLANG_WARN_OBJC_IMPLICIT_RETAIN_SELF = YES;
				CLANG_WARN_OBJC_LITERAL_CONVERSION = YES;
				CLANG_WARN_OBJC_ROOT_CLASS = YES_ERROR;
				CLANG_WARN_QUOTED_INCLUDE_IN_FRAMEWORK_HEADER = YES;
				CLANG_WARN_RANGE_LOOP_ANALYSIS = YES;
				CLANG_WARN_STRICT_PROTOTYPES = YES;
				CLANG_WARN_SUSPICIOUS_MOVE = YES;
				CLANG_WARN_UNGUARDED_AVAILABILITY = YES_AGGRESSIVE;
				CLANG_WARN_UNREACHABLE_CODE = YES;
				CLANG_WARN__DUPLICATE_METHOD_MATCH = YES;
				COPY_PHASE_STRIP = NO;
				DEBUG_INFORMATION_FORMAT = dwarf;
				ENABLE_STRICT_OBJC_MSGSEND = YES;
				ENABLE_TESTABILITY = YES;
				GCC_C_LANGUAGE_STANDARD = gnu11;
				GCC_DYNAMIC_NO_PIC = NO;
				GCC_NO_COMMON_BLOCKS = YES;
				GCC_OPTIMIZATION_LEVEL = 0;
				GCC_PREPROCESSOR_DEFINITIONS = (
					"DEBUG=1",
					"$(inherited)",
				);
				GCC_WARN_64_TO_32_BIT_CONVERSION = YES;
				GCC_WARN_ABOUT_RETURN_TYPE = YES_ERROR;
				GCC_WARN_UNDECLARED_SELECTOR = YES;
				GCC_WARN_UNINITIALIZED_AUTOS = YES_AGGRESSIVE;
				GCC_WARN_UNUSED_FUNCTION = YES;
				GCC_WARN_UNUSED_VARIABLE = YES;
				IPHONEOS_DEPLOYMENT_TARGET = 14.0;
				MTL_ENABLE_DEBUG_INFO = INCLUDE_SOURCE;
				MTL_FAST_MATH = YES;
				ONLY_ACTIVE_ARCH = YES;
				SDKROOT = iphoneos;
				SWIFT_ACTIVE_COMPILATION_CONDITIONS = DEBUG;
				SWIFT_OPTIMIZATION_LEVEL = "-Onone";
			};
			name = Debug;
		};
		8D0E5890252F735D0011C102 /* Release */ = {
			isa = XCBuildConfiguration;
			buildSettings = {
				ALWAYS_SEARCH_USER_PATHS = NO;
				CLANG_ANALYZER_LOCALIZABILITY_NONLOCALIZED = YES;
				CLANG_ANALYZER_NONNULL = YES;
				CLANG_ANALYZER_NUMBER_OBJECT_CONVERSION = YES_AGGRESSIVE;
				CLANG_CXX_LANGUAGE_STANDARD = "gnu++14";
				CLANG_CXX_LIBRARY = "libc++";
				CLANG_ENABLE_MODULES = YES;
				CLANG_ENABLE_OBJC_ARC = YES;
				CLANG_ENABLE_OBJC_WEAK = YES;
				CLANG_WARN_BLOCK_CAPTURE_AUTORELEASING = YES;
				CLANG_WARN_BOOL_CONVERSION = YES;
				CLANG_WARN_COMMA = YES;
				CLANG_WARN_CONSTANT_CONVERSION = YES;
				CLANG_WARN_DEPRECATED_OBJC_IMPLEMENTATIONS = YES;
				CLANG_WARN_DIRECT_OBJC_ISA_USAGE = YES_ERROR;
				CLANG_WARN_DOCUMENTATION_COMMENTS = YES;
				CLANG_WARN_EMPTY_BODY = YES;
				CLANG_WARN_ENUM_CONVERSION = YES;
				CLANG_WARN_INFINITE_RECURSION = YES;
				CLANG_WARN_INT_CONVERSION = YES;
				CLANG_WARN_NON_LITERAL_NULL_CONVERSION = YES;
				CLANG_WARN_OBJC_IMPLICIT_RETAIN_SELF = YES;
				CLANG_WARN_OBJC_LITERAL_CONVERSION = YES;
				CLANG_WARN_OBJC_ROOT_CLASS = YES_ERROR;
				CLANG_WARN_QUOTED_INCLUDE_IN_FRAMEWORK_HEADER = YES;
				CLANG_WARN_RANGE_LOOP_ANALYSIS = YES;
				CLANG_WARN_STRICT_PROTOTYPES = YES;
				CLANG_WARN_SUSPICIOUS_MOVE = YES;
				CLANG_WARN_UNGUARDED_AVAILABILITY = YES_AGGRESSIVE;
				CLANG_WARN_UNREACHABLE_CODE = YES;
				CLANG_WARN__DUPLICATE_METHOD_MATCH = YES;
				COPY_PHASE_STRIP = NO;
				DEBUG_INFORMATION_FORMAT = "dwarf-with-dsym";
				ENABLE_NS_ASSERTIONS = NO;
				ENABLE_STRICT_OBJC_MSGSEND = YES;
				GCC_C_LANGUAGE_STANDARD = gnu11;
				GCC_NO_COMMON_BLOCKS = YES;
				GCC_WARN_64_TO_32_BIT_CONVERSION = YES;
				GCC_WARN_ABOUT_RETURN_TYPE = YES_ERROR;
				GCC_WARN_UNDECLARED_SELECTOR = YES;
				GCC_WARN_UNINITIALIZED_AUTOS = YES_AGGRESSIVE;
				GCC_WARN_UNUSED_FUNCTION = YES;
				GCC_WARN_UNUSED_VARIABLE = YES;
				IPHONEOS_DEPLOYMENT_TARGET = 14.0;
				MTL_ENABLE_DEBUG_INFO = NO;
				MTL_FAST_MATH = YES;
				ONLY_ACTIVE_ARCH = YES;
				SDKROOT = iphoneos;
				SWIFT_COMPILATION_MODE = wholemodule;
				SWIFT_OPTIMIZATION_LEVEL = "-O";
				VALIDATE_PRODUCT = YES;
			};
			name = Release;
		};
		8D0E5892252F735D0011C102 /* Debug */ = {
			isa = XCBuildConfiguration;
			baseConfigurationReference = 9110BD0AAC60AF661B0888BE /* Pods-Split.debug.xcconfig */;
			buildSettings = {
				ASSETCATALOG_COMPILER_APPICON_NAME = AppIcon;
				ASSETCATALOG_COMPILER_GLOBAL_ACCENT_COLOR_NAME = AccentColor;
				CODE_SIGN_STYLE = Automatic;
				DEVELOPMENT_TEAM = K8BMPHTXSP;
				INFOPLIST_FILE = Split/Info.plist;
				IPHONEOS_DEPLOYMENT_TARGET = 13.0;
				LD_RUNPATH_SEARCH_PATHS = (
					"$(inherited)",
					"@executable_path/Frameworks",
				);
				PRODUCT_BUNDLE_IDENTIFIER = com.split.StudyPlanet;
				PRODUCT_NAME = "$(TARGET_NAME)";
				SWIFT_VERSION = 5.0;
				TARGETED_DEVICE_FAMILY = "1,2";
				VALIDATE_PRODUCT = YES;
			};
			name = Debug;
		};
		8D0E5893252F735D0011C102 /* Release */ = {
			isa = XCBuildConfiguration;
			baseConfigurationReference = E967FB26588472FCBA164AF2 /* Pods-Split.release.xcconfig */;
			buildSettings = {
				ASSETCATALOG_COMPILER_APPICON_NAME = AppIcon;
				ASSETCATALOG_COMPILER_GLOBAL_ACCENT_COLOR_NAME = AccentColor;
				CODE_SIGN_IDENTITY = "Apple Development";
				CODE_SIGN_STYLE = Automatic;
				DEVELOPMENT_TEAM = K8BMPHTXSP;
				INFOPLIST_FILE = Split/Info.plist;
				IPHONEOS_DEPLOYMENT_TARGET = 13.0;
				LD_RUNPATH_SEARCH_PATHS = (
					"$(inherited)",
					"@executable_path/Frameworks",
				);
				PRODUCT_BUNDLE_IDENTIFIER = com.split.StudyPlanet;
				PRODUCT_NAME = "$(TARGET_NAME)";
				PROVISIONING_PROFILE_SPECIFIER = "";
				SWIFT_VERSION = 5.0;
				TARGETED_DEVICE_FAMILY = "1,2";
				VALIDATE_PRODUCT = YES;
			};
			name = Release;
		};
		8D0E5895252F735D0011C102 /* Debug */ = {
			isa = XCBuildConfiguration;
			baseConfigurationReference = A559BC3A56C94F2C69628592 /* Pods-SplitTests.debug.xcconfig */;
			buildSettings = {
				ALWAYS_EMBED_SWIFT_STANDARD_LIBRARIES = YES;
				BUNDLE_LOADER = "$(TEST_HOST)";
				CODE_SIGN_STYLE = Automatic;
				INFOPLIST_FILE = SplitTests/Info.plist;
				IPHONEOS_DEPLOYMENT_TARGET = 14.0;
				LD_RUNPATH_SEARCH_PATHS = (
					"$(inherited)",
					"@executable_path/Frameworks",
					"@loader_path/Frameworks",
				);
				PRODUCT_BUNDLE_IDENTIFIER = com.younoah.SplitTests;
				PRODUCT_NAME = "$(TARGET_NAME)";
				SWIFT_VERSION = 5.0;
				TARGETED_DEVICE_FAMILY = "1,2";
				TEST_HOST = "$(BUILT_PRODUCTS_DIR)/Split.app/Split";
			};
			name = Debug;
		};
		8D0E5896252F735D0011C102 /* Release */ = {
			isa = XCBuildConfiguration;
			baseConfigurationReference = 5AE2064D4F3DD0F9A2B7C4B3 /* Pods-SplitTests.release.xcconfig */;
			buildSettings = {
				ALWAYS_EMBED_SWIFT_STANDARD_LIBRARIES = YES;
				BUNDLE_LOADER = "$(TEST_HOST)";
				CODE_SIGN_STYLE = Automatic;
				DEVELOPMENT_TEAM = 7JCB3TJ6U7;
				INFOPLIST_FILE = SplitTests/Info.plist;
				IPHONEOS_DEPLOYMENT_TARGET = 14.0;
				LD_RUNPATH_SEARCH_PATHS = (
					"$(inherited)",
					"@executable_path/Frameworks",
					"@loader_path/Frameworks",
				);
				PRODUCT_BUNDLE_IDENTIFIER = com.younoah.SplitTests;
				PRODUCT_NAME = "$(TARGET_NAME)";
				SWIFT_VERSION = 5.0;
				TARGETED_DEVICE_FAMILY = "1,2";
				TEST_HOST = "$(BUILT_PRODUCTS_DIR)/Split.app/Split";
			};
			name = Release;
		};
		8D0E5898252F735D0011C102 /* Debug */ = {
			isa = XCBuildConfiguration;
			baseConfigurationReference = D603E6DE9F4746E5DD66F290 /* Pods-Split-SplitUITests.debug.xcconfig */;
			buildSettings = {
				ALWAYS_EMBED_SWIFT_STANDARD_LIBRARIES = YES;
				CODE_SIGN_STYLE = Automatic;
				INFOPLIST_FILE = SplitUITests/Info.plist;
				LD_RUNPATH_SEARCH_PATHS = (
					"$(inherited)",
					"@executable_path/Frameworks",
					"@loader_path/Frameworks",
				);
				PRODUCT_BUNDLE_IDENTIFIER = com.younoah.SplitUITests;
				PRODUCT_NAME = "$(TARGET_NAME)";
				SWIFT_VERSION = 5.0;
				TARGETED_DEVICE_FAMILY = "1,2";
				TEST_TARGET_NAME = Split;
			};
			name = Debug;
		};
		8D0E5899252F735D0011C102 /* Release */ = {
			isa = XCBuildConfiguration;
			baseConfigurationReference = 9504611609E9A212EDA5038E /* Pods-Split-SplitUITests.release.xcconfig */;
			buildSettings = {
				ALWAYS_EMBED_SWIFT_STANDARD_LIBRARIES = YES;
				CODE_SIGN_STYLE = Automatic;
				DEVELOPMENT_TEAM = 7JCB3TJ6U7;
				INFOPLIST_FILE = SplitUITests/Info.plist;
				LD_RUNPATH_SEARCH_PATHS = (
					"$(inherited)",
					"@executable_path/Frameworks",
					"@loader_path/Frameworks",
				);
				PRODUCT_BUNDLE_IDENTIFIER = com.younoah.SplitUITests;
				PRODUCT_NAME = "$(TARGET_NAME)";
				SWIFT_VERSION = 5.0;
				TARGETED_DEVICE_FAMILY = "1,2";
				TEST_TARGET_NAME = Split;
			};
			name = Release;
		};
/* End XCBuildConfiguration section */

/* Begin XCConfigurationList section */
		8D0E5862252F735B0011C102 /* Build configuration list for PBXProject "Split" */ = {
			isa = XCConfigurationList;
			buildConfigurations = (
				8D0E588F252F735D0011C102 /* Debug */,
				8D0E5890252F735D0011C102 /* Release */,
			);
			defaultConfigurationIsVisible = 0;
			defaultConfigurationName = Release;
		};
		8D0E5891252F735D0011C102 /* Build configuration list for PBXNativeTarget "Split" */ = {
			isa = XCConfigurationList;
			buildConfigurations = (
				8D0E5892252F735D0011C102 /* Debug */,
				8D0E5893252F735D0011C102 /* Release */,
			);
			defaultConfigurationIsVisible = 0;
			defaultConfigurationName = Release;
		};
		8D0E5894252F735D0011C102 /* Build configuration list for PBXNativeTarget "SplitTests" */ = {
			isa = XCConfigurationList;
			buildConfigurations = (
				8D0E5895252F735D0011C102 /* Debug */,
				8D0E5896252F735D0011C102 /* Release */,
			);
			defaultConfigurationIsVisible = 0;
			defaultConfigurationName = Release;
		};
		8D0E5897252F735D0011C102 /* Build configuration list for PBXNativeTarget "SplitUITests" */ = {
			isa = XCConfigurationList;
			buildConfigurations = (
				8D0E5898252F735D0011C102 /* Debug */,
				8D0E5899252F735D0011C102 /* Release */,
			);
			defaultConfigurationIsVisible = 0;
			defaultConfigurationName = Release;
		};
/* End XCConfigurationList section */
	};
	rootObject = 8D0E585F252F735B0011C102 /* Project object */;
}
