// !$*UTF8*$!
{
	archiveVersion = 1;
	classes = {
	};
	objectVersion = 50;
	objects = {

/* Begin PBXBuildFile section */
		8D0E586B252F735B0011C102 /* AppDelegate.swift in Sources */ = {isa = PBXBuildFile; fileRef = 8D0E586A252F735B0011C102 /* AppDelegate.swift */; };
		8D0E586D252F735B0011C102 /* SceneDelegate.swift in Sources */ = {isa = PBXBuildFile; fileRef = 8D0E586C252F735B0011C102 /* SceneDelegate.swift */; };
		8D0E586F252F735B0011C102 /* ViewController.swift in Sources */ = {isa = PBXBuildFile; fileRef = 8D0E586E252F735B0011C102 /* ViewController.swift */; };
		8D0E5872252F735B0011C102 /* Main.storyboard in Resources */ = {isa = PBXBuildFile; fileRef = 8D0E5870252F735B0011C102 /* Main.storyboard */; };
		8D0E5874252F735D0011C102 /* Assets.xcassets in Resources */ = {isa = PBXBuildFile; fileRef = 8D0E5873252F735D0011C102 /* Assets.xcassets */; };
		8D0E5877252F735D0011C102 /* LaunchScreen.storyboard in Resources */ = {isa = PBXBuildFile; fileRef = 8D0E5875252F735D0011C102 /* LaunchScreen.storyboard */; };
		8D0E5882252F735D0011C102 /* SplitTests.swift in Sources */ = {isa = PBXBuildFile; fileRef = 8D0E5881252F735D0011C102 /* SplitTests.swift */; };
		8D0E588D252F735D0011C102 /* SplitUITests.swift in Sources */ = {isa = PBXBuildFile; fileRef = 8D0E588C252F735D0011C102 /* SplitUITests.swift */; };
/* End PBXBuildFile section */

/* Begin PBXContainerItemProxy section */
		8D0E587E252F735D0011C102 /* PBXContainerItemProxy */ = {
			isa = PBXContainerItemProxy;
			containerPortal = 8D0E585F252F735B0011C102 /* Project object */;
			proxyType = 1;
			remoteGlobalIDString = 8D0E5866252F735B0011C102;
			remoteInfo = Split;
		};
		8D0E5889252F735D0011C102 /* PBXContainerItemProxy */ = {
			isa = PBXContainerItemProxy;
			containerPortal = 8D0E585F252F735B0011C102 /* Project object */;
			proxyType = 1;
			remoteGlobalIDString = 8D0E5866252F735B0011C102;
			remoteInfo = Split;
		};
/* End PBXContainerItemProxy section */

/* Begin PBXFileReference section */
		8D0E5867252F735B0011C102 /* Split.app */ = {isa = PBXFileReference; explicitFileType = wrapper.application; includeInIndex = 0; path = Split.app; sourceTree = BUILT_PRODUCTS_DIR; };
		8D0E586A252F735B0011C102 /* AppDelegate.swift */ = {isa = PBXFileReference; lastKnownFileType = sourcecode.swift; path = AppDelegate.swift; sourceTree = "<group>"; };
		8D0E586C252F735B0011C102 /* SceneDelegate.swift */ = {isa = PBXFileReference; lastKnownFileType = sourcecode.swift; path = SceneDelegate.swift; sourceTree = "<group>"; };
		8D0E586E252F735B0011C102 /* ViewController.swift */ = {isa = PBXFileReference; lastKnownFileType = sourcecode.swift; path = ViewController.swift; sourceTree = "<group>"; };
		8D0E5871252F735B0011C102 /* Base */ = {isa = PBXFileReference; lastKnownFileType = file.storyboard; name = Base; path = Base.lproj/Main.storyboard; sourceTree = "<group>"; };
		8D0E5873252F735D0011C102 /* Assets.xcassets */ = {isa = PBXFileReference; lastKnownFileType = folder.assetcatalog; path = Assets.xcassets; sourceTree = "<group>"; };
		8D0E5876252F735D0011C102 /* Base */ = {isa = PBXFileReference; lastKnownFileType = file.storyboard; name = Base; path = Base.lproj/LaunchScreen.storyboard; sourceTree = "<group>"; };
		8D0E5878252F735D0011C102 /* Info.plist */ = {isa = PBXFileReference; lastKnownFileType = text.plist.xml; path = Info.plist; sourceTree = "<group>"; };
		8D0E587D252F735D0011C102 /* SplitTests.xctest */ = {isa = PBXFileReference; explicitFileType = wrapper.cfbundle; includeInIndex = 0; path = SplitTests.xctest; sourceTree = BUILT_PRODUCTS_DIR; };
		8D0E5881252F735D0011C102 /* SplitTests.swift */ = {isa = PBXFileReference; lastKnownFileType = sourcecode.swift; path = SplitTests.swift; sourceTree = "<group>"; };
		8D0E5883252F735D0011C102 /* Info.plist */ = {isa = PBXFileReference; lastKnownFileType = text.plist.xml; path = Info.plist; sourceTree = "<group>"; };
		8D0E5888252F735D0011C102 /* SplitUITests.xctest */ = {isa = PBXFileReference; explicitFileType = wrapper.cfbundle; includeInIndex = 0; path = SplitUITests.xctest; sourceTree = BUILT_PRODUCTS_DIR; };
		8D0E588C252F735D0011C102 /* SplitUITests.swift */ = {isa = PBXFileReference; lastKnownFileType = sourcecode.swift; path = SplitUITests.swift; sourceTree = "<group>"; };
		8D0E588E252F735D0011C102 /* Info.plist */ = {isa = PBXFileReference; lastKnownFileType = text.plist.xml; path = Info.plist; sourceTree = "<group>"; };
/* End PBXFileReference section */

/* Begin PBXFrameworksBuildPhase section */
		8D0E5864252F735B0011C102 /* Frameworks */ = {
			isa = PBXFrameworksBuildPhase;
			buildActionMask = 2147483647;
			files = (
			);
			runOnlyForDeploymentPostprocessing = 0;
		};
		8D0E587A252F735D0011C102 /* Frameworks */ = {
			isa = PBXFrameworksBuildPhase;
			buildActionMask = 2147483647;
			files = (
			);
			runOnlyForDeploymentPostprocessing = 0;
		};
		8D0E5885252F735D0011C102 /* Frameworks */ = {
			isa = PBXFrameworksBuildPhase;
			buildActionMask = 2147483647;
			files = (
			);
			runOnlyForDeploymentPostprocessing = 0;
		};
/* End PBXFrameworksBuildPhase section */

/* Begin PBXGroup section */
		8D0E585E252F735B0011C102 = {
			isa = PBXGroup;
			children = (
				8D0E5869252F735B0011C102 /* Split */,
				8D0E5880252F735D0011C102 /* SplitTests */,
				8D0E588B252F735D0011C102 /* SplitUITests */,
				8D0E5868252F735B0011C102 /* Products */,
			);
			sourceTree = "<group>";
		};
		8D0E5868252F735B0011C102 /* Products */ = {
			isa = PBXGroup;
			children = (
				8D0E5867252F735B0011C102 /* Split.app */,
				8D0E587D252F735D0011C102 /* SplitTests.xctest */,
				8D0E5888252F735D0011C102 /* SplitUITests.xctest */,
			);
			name = Products;
			sourceTree = "<group>";
		};
		8D0E5869252F735B0011C102 /* Split */ = {
			isa = PBXGroup;
			children = (
				8D0E586C252F735B0011C102 /* SceneDelegate.swift */,
				8D0E586A252F735B0011C102 /* AppDelegate.swift */,
				8D0E5873252F735D0011C102 /* Assets.xcassets */,
				8D0E5878252F735D0011C102 /* Info.plist */,
				8D0E5870252F735B0011C102 /* Main.storyboard */,
				8D0E5875252F735D0011C102 /* LaunchScreen.storyboard */,
				8D0E586E252F735B0011C102 /* ViewController.swift */,
			);
			path = Split;
			sourceTree = "<group>";
		};
		8D0E5880252F735D0011C102 /* SplitTests */ = {
			isa = PBXGroup;
			children = (
				8D0E5881252F735D0011C102 /* SplitTests.swift */,
				8D0E5883252F735D0011C102 /* Info.plist */,
			);
			path = SplitTests;
			sourceTree = "<group>";
		};
		8D0E588B252F735D0011C102 /* SplitUITests */ = {
			isa = PBXGroup;
			children = (
				8D0E588C252F735D0011C102 /* SplitUITests.swift */,
				8D0E588E252F735D0011C102 /* Info.plist */,
			);
			path = SplitUITests;
			sourceTree = "<group>";
		};
/* End PBXGroup section */

/* Begin PBXNativeTarget section */
		8D0E5866252F735B0011C102 /* Split */ = {
			isa = PBXNativeTarget;
			buildConfigurationList = 8D0E5891252F735D0011C102 /* Build configuration list for PBXNativeTarget "Split" */;
			buildPhases = (
				8D0E5863252F735B0011C102 /* Sources */,
				8D0E5864252F735B0011C102 /* Frameworks */,
				8D0E5865252F735B0011C102 /* Resources */,
			);
			buildRules = (
			);
			dependencies = (
			);
			name = Split;
			productName = Split;
			productReference = 8D0E5867252F735B0011C102 /* Split.app */;
			productType = "com.apple.product-type.application";
		};
		8D0E587C252F735D0011C102 /* SplitTests */ = {
			isa = PBXNativeTarget;
			buildConfigurationList = 8D0E5894252F735D0011C102 /* Build configuration list for PBXNativeTarget "SplitTests" */;
			buildPhases = (
				8D0E5879252F735D0011C102 /* Sources */,
				8D0E587A252F735D0011C102 /* Frameworks */,
				8D0E587B252F735D0011C102 /* Resources */,
			);
			buildRules = (
			);
			dependencies = (
				8D0E587F252F735D0011C102 /* PBXTargetDependency */,
			);
			name = SplitTests;
			productName = SplitTests;
			productReference = 8D0E587D252F735D0011C102 /* SplitTests.xctest */;
			productType = "com.apple.product-type.bundle.unit-test";
		};
		8D0E5887252F735D0011C102 /* SplitUITests */ = {
			isa = PBXNativeTarget;
			buildConfigurationList = 8D0E5897252F735D0011C102 /* Build configuration list for PBXNativeTarget "SplitUITests" */;
			buildPhases = (
				8D0E5884252F735D0011C102 /* Sources */,
				8D0E5885252F735D0011C102 /* Frameworks */,
				8D0E5886252F735D0011C102 /* Resources */,
			);
			buildRules = (
			);
			dependencies = (
				8D0E588A252F735D0011C102 /* PBXTargetDependency */,
			);
			name = SplitUITests;
			productName = SplitUITests;
			productReference = 8D0E5888252F735D0011C102 /* SplitUITests.xctest */;
			productType = "com.apple.product-type.bundle.ui-testing";
		};
/* End PBXNativeTarget section */

/* Begin PBXProject section */
		8D0E585F252F735B0011C102 /* Project object */ = {
			isa = PBXProject;
			attributes = {
				LastSwiftUpdateCheck = 1200;
				LastUpgradeCheck = 1200;
				TargetAttributes = {
					8D0E5866252F735B0011C102 = {
						CreatedOnToolsVersion = 12.0.1;
					};
					8D0E587C252F735D0011C102 = {
						CreatedOnToolsVersion = 12.0.1;
						TestTargetID = 8D0E5866252F735B0011C102;
					};
					8D0E5887252F735D0011C102 = {
						CreatedOnToolsVersion = 12.0.1;
						TestTargetID = 8D0E5866252F735B0011C102;
					};
				};
			};
			buildConfigurationList = 8D0E5862252F735B0011C102 /* Build configuration list for PBXProject "Split" */;
			compatibilityVersion = "Xcode 9.3";
			developmentRegion = en;
			hasScannedForEncodings = 0;
			knownRegions = (
				en,
				Base,
			);
			mainGroup = 8D0E585E252F735B0011C102;
			productRefGroup = 8D0E5868252F735B0011C102 /* Products */;
			projectDirPath = "";
			projectRoot = "";
			targets = (
				8D0E5866252F735B0011C102 /* Split */,
				8D0E587C252F735D0011C102 /* SplitTests */,
				8D0E5887252F735D0011C102 /* SplitUITests */,
			);
		};
/* End PBXProject section */

/* Begin PBXResourcesBuildPhase section */
		8D0E5865252F735B0011C102 /* Resources */ = {
			isa = PBXResourcesBuildPhase;
			buildActionMask = 2147483647;
			files = (
				8D0E5877252F735D0011C102 /* LaunchScreen.storyboard in Resources */,
				8D0E5874252F735D0011C102 /* Assets.xcassets in Resources */,
				8D0E5872252F735B0011C102 /* Main.storyboard in Resources */,
			);
			runOnlyForDeploymentPostprocessing = 0;
		};
		8D0E587B252F735D0011C102 /* Resources */ = {
			isa = PBXResourcesBuildPhase;
			buildActionMask = 2147483647;
			files = (
			);
			runOnlyForDeploymentPostprocessing = 0;
		};
		8D0E5886252F735D0011C102 /* Resources */ = {
			isa = PBXResourcesBuildPhase;
			buildActionMask = 2147483647;
			files = (
			);
			runOnlyForDeploymentPostprocessing = 0;
		};
/* End PBXResourcesBuildPhase section */

/* Begin PBXSourcesBuildPhase section */
		8D0E5863252F735B0011C102 /* Sources */ = {
			isa = PBXSourcesBuildPhase;
			buildActionMask = 2147483647;
			files = (
				8D0E586F252F735B0011C102 /* ViewController.swift in Sources */,
				8D0E586B252F735B0011C102 /* AppDelegate.swift in Sources */,
				8D0E586D252F735B0011C102 /* SceneDelegate.swift in Sources */,
			);
			runOnlyForDeploymentPostprocessing = 0;
		};
		8D0E5879252F735D0011C102 /* Sources */ = {
			isa = PBXSourcesBuildPhase;
			buildActionMask = 2147483647;
			files = (
				8D0E5882252F735D0011C102 /* SplitTests.swift in Sources */,
			);
			runOnlyForDeploymentPostprocessing = 0;
		};
		8D0E5884252F735D0011C102 /* Sources */ = {
			isa = PBXSourcesBuildPhase;
			buildActionMask = 2147483647;
			files = (
				8D0E588D252F735D0011C102 /* SplitUITests.swift in Sources */,
			);
			runOnlyForDeploymentPostprocessing = 0;
		};
/* End PBXSourcesBuildPhase section */

/* Begin PBXTargetDependency section */
		8D0E587F252F735D0011C102 /* PBXTargetDependency */ = {
			isa = PBXTargetDependency;
			target = 8D0E5866252F735B0011C102 /* Split */;
			targetProxy = 8D0E587E252F735D0011C102 /* PBXContainerItemProxy */;
		};
		8D0E588A252F735D0011C102 /* PBXTargetDependency */ = {
			isa = PBXTargetDependency;
			target = 8D0E5866252F735B0011C102 /* Split */;
			targetProxy = 8D0E5889252F735D0011C102 /* PBXContainerItemProxy */;
		};
/* End PBXTargetDependency section */

/* Begin PBXVariantGroup section */
		8D0E5870252F735B0011C102 /* Main.storyboard */ = {
			isa = PBXVariantGroup;
			children = (
				8D0E5871252F735B0011C102 /* Base */,
			);
			name = Main.storyboard;
			sourceTree = "<group>";
		};
		8D0E5875252F735D0011C102 /* LaunchScreen.storyboard */ = {
			isa = PBXVariantGroup;
			children = (
				8D0E5876252F735D0011C102 /* Base */,
			);
			name = LaunchScreen.storyboard;
			sourceTree = "<group>";
		};
/* End PBXVariantGroup section */

/* Begin XCBuildConfiguration section */
		8D0E588F252F735D0011C102 /* Debug */ = {
			isa = XCBuildConfiguration;
			buildSettings = {
				ALWAYS_SEARCH_USER_PATHS = NO;
				CLANG_ANALYZER_NONNULL = YES;
				CLANG_ANALYZER_NUMBER_OBJECT_CONVERSION = YES_AGGRESSIVE;
				CLANG_CXX_LANGUAGE_STANDARD = "gnu++14";
				CLANG_CXX_LIBRARY = "libc++";
				CLANG_ENABLE_MODULES = YES;
				CLANG_ENABLE_OBJC_ARC = YES;
				CLANG_ENABLE_OBJC_WEAK = YES;
				CLANG_WARN_BLOCK_CAPTURE_AUTORELEASING = YES;
				CLANG_WARN_BOOL_CONVERSION = YES;
				CLANG_WARN_COMMA = YES;
				CLANG_WARN_CONSTANT_CONVERSION = YES;
				CLANG_WARN_DEPRECATED_OBJC_IMPLEMENTATIONS = YES;
				CLANG_WARN_DIRECT_OBJC_ISA_USAGE = YES_ERROR;
				CLANG_WARN_DOCUMENTATION_COMMENTS = YES;
				CLANG_WARN_EMPTY_BODY = YES;
				CLANG_WARN_ENUM_CONVERSION = YES;
				CLANG_WARN_INFINITE_RECURSION = YES;
				CLANG_WARN_INT_CONVERSION = YES;
				CLANG_WARN_NON_LITERAL_NULL_CONVERSION = YES;
				CLANG_WARN_OBJC_IMPLICIT_RETAIN_SELF = YES;
				CLANG_WARN_OBJC_LITERAL_CONVERSION = YES;
				CLANG_WARN_OBJC_ROOT_CLASS = YES_ERROR;
				CLANG_WARN_QUOTED_INCLUDE_IN_FRAMEWORK_HEADER = YES;
				CLANG_WARN_RANGE_LOOP_ANALYSIS = YES;
				CLANG_WARN_STRICT_PROTOTYPES = YES;
				CLANG_WARN_SUSPICIOUS_MOVE = YES;
				CLANG_WARN_UNGUARDED_AVAILABILITY = YES_AGGRESSIVE;
				CLANG_WARN_UNREACHABLE_CODE = YES;
				CLANG_WARN__DUPLICATE_METHOD_MATCH = YES;
				COPY_PHASE_STRIP = NO;
				DEBUG_INFORMATION_FORMAT = dwarf;
				ENABLE_STRICT_OBJC_MSGSEND = YES;
				ENABLE_TESTABILITY = YES;
				GCC_C_LANGUAGE_STANDARD = gnu11;
				GCC_DYNAMIC_NO_PIC = NO;
				GCC_NO_COMMON_BLOCKS = YES;
				GCC_OPTIMIZATION_LEVEL = 0;
				GCC_PREPROCESSOR_DEFINITIONS = (
					"DEBUG=1",
					"$(inherited)",
				);
				GCC_WARN_64_TO_32_BIT_CONVERSION = YES;
				GCC_WARN_ABOUT_RETURN_TYPE = YES_ERROR;
				GCC_WARN_UNDECLARED_SELECTOR = YES;
				GCC_WARN_UNINITIALIZED_AUTOS = YES_AGGRESSIVE;
				GCC_WARN_UNUSED_FUNCTION = YES;
				GCC_WARN_UNUSED_VARIABLE = YES;
				IPHONEOS_DEPLOYMENT_TARGET = 14.0;
				MTL_ENABLE_DEBUG_INFO = INCLUDE_SOURCE;
				MTL_FAST_MATH = YES;
				ONLY_ACTIVE_ARCH = YES;
				SDKROOT = iphoneos;
				SWIFT_ACTIVE_COMPILATION_CONDITIONS = DEBUG;
				SWIFT_OPTIMIZATION_LEVEL = "-Onone";
			};
			name = Debug;
		};
		8D0E5890252F735D0011C102 /* Release */ = {
			isa = XCBuildConfiguration;
			buildSettings = {
				ALWAYS_SEARCH_USER_PATHS = NO;
				CLANG_ANALYZER_NONNULL = YES;
				CLANG_ANALYZER_NUMBER_OBJECT_CONVERSION = YES_AGGRESSIVE;
				CLANG_CXX_LANGUAGE_STANDARD = "gnu++14";
				CLANG_CXX_LIBRARY = "libc++";
				CLANG_ENABLE_MODULES = YES;
				CLANG_ENABLE_OBJC_ARC = YES;
				CLANG_ENABLE_OBJC_WEAK = YES;
				CLANG_WARN_BLOCK_CAPTURE_AUTORELEASING = YES;
				CLANG_WARN_BOOL_CONVERSION = YES;
				CLANG_WARN_COMMA = YES;
				CLANG_WARN_CONSTANT_CONVERSION = YES;
				CLANG_WARN_DEPRECATED_OBJC_IMPLEMENTATIONS = YES;
				CLANG_WARN_DIRECT_OBJC_ISA_USAGE = YES_ERROR;
				CLANG_WARN_DOCUMENTATION_COMMENTS = YES;
				CLANG_WARN_EMPTY_BODY = YES;
				CLANG_WARN_ENUM_CONVERSION = YES;
				CLANG_WARN_INFINITE_RECURSION = YES;
				CLANG_WARN_INT_CONVERSION = YES;
				CLANG_WARN_NON_LITERAL_NULL_CONVERSION = YES;
				CLANG_WARN_OBJC_IMPLICIT_RETAIN_SELF = YES;
				CLANG_WARN_OBJC_LITERAL_CONVERSION = YES;
				CLANG_WARN_OBJC_ROOT_CLASS = YES_ERROR;
				CLANG_WARN_QUOTED_INCLUDE_IN_FRAMEWORK_HEADER = YES;
				CLANG_WARN_RANGE_LOOP_ANALYSIS = YES;
				CLANG_WARN_STRICT_PROTOTYPES = YES;
				CLANG_WARN_SUSPICIOUS_MOVE = YES;
				CLANG_WARN_UNGUARDED_AVAILABILITY = YES_AGGRESSIVE;
				CLANG_WARN_UNREACHABLE_CODE = YES;
				CLANG_WARN__DUPLICATE_METHOD_MATCH = YES;
				COPY_PHASE_STRIP = NO;
				DEBUG_INFORMATION_FORMAT = "dwarf-with-dsym";
				ENABLE_NS_ASSERTIONS = NO;
				ENABLE_STRICT_OBJC_MSGSEND = YES;
				GCC_C_LANGUAGE_STANDARD = gnu11;
				GCC_NO_COMMON_BLOCKS = YES;
				GCC_WARN_64_TO_32_BIT_CONVERSION = YES;
				GCC_WARN_ABOUT_RETURN_TYPE = YES_ERROR;
				GCC_WARN_UNDECLARED_SELECTOR = YES;
				GCC_WARN_UNINITIALIZED_AUTOS = YES_AGGRESSIVE;
				GCC_WARN_UNUSED_FUNCTION = YES;
				GCC_WARN_UNUSED_VARIABLE = YES;
				IPHONEOS_DEPLOYMENT_TARGET = 14.0;
				MTL_ENABLE_DEBUG_INFO = NO;
				MTL_FAST_MATH = YES;
				SDKROOT = iphoneos;
				SWIFT_COMPILATION_MODE = wholemodule;
				SWIFT_OPTIMIZATION_LEVEL = "-O";
				VALIDATE_PRODUCT = YES;
			};
			name = Release;
		};
		8D0E5892252F735D0011C102 /* Debug */ = {
			isa = XCBuildConfiguration;
			buildSettings = {
				ASSETCATALOG_COMPILER_APPICON_NAME = AppIcon;
				ASSETCATALOG_COMPILER_GLOBAL_ACCENT_COLOR_NAME = AccentColor;
				CODE_SIGN_STYLE = Automatic;
				INFOPLIST_FILE = Split/Info.plist;
				LD_RUNPATH_SEARCH_PATHS = (
					"$(inherited)",
					"@executable_path/Frameworks",
				);
				PRODUCT_BUNDLE_IDENTIFIER = com.younoah.Split;
				PRODUCT_NAME = "$(TARGET_NAME)";
				SWIFT_VERSION = 5.0;
				TARGETED_DEVICE_FAMILY = "1,2";
			};
			name = Debug;
		};
		8D0E5893252F735D0011C102 /* Release */ = {
			isa = XCBuildConfiguration;
			buildSettings = {
				ASSETCATALOG_COMPILER_APPICON_NAME = AppIcon;
				ASSETCATALOG_COMPILER_GLOBAL_ACCENT_COLOR_NAME = AccentColor;
				CODE_SIGN_STYLE = Automatic;
				INFOPLIST_FILE = Split/Info.plist;
				LD_RUNPATH_SEARCH_PATHS = (
					"$(inherited)",
					"@executable_path/Frameworks",
				);
				PRODUCT_BUNDLE_IDENTIFIER = com.younoah.Split;
				PRODUCT_NAME = "$(TARGET_NAME)";
				SWIFT_VERSION = 5.0;
				TARGETED_DEVICE_FAMILY = "1,2";
			};
			name = Release;
		};
		8D0E5895252F735D0011C102 /* Debug */ = {
			isa = XCBuildConfiguration;
			buildSettings = {
				ALWAYS_EMBED_SWIFT_STANDARD_LIBRARIES = YES;
				BUNDLE_LOADER = "$(TEST_HOST)";
				CODE_SIGN_STYLE = Automatic;
				INFOPLIST_FILE = SplitTests/Info.plist;
				IPHONEOS_DEPLOYMENT_TARGET = 14.0;
				LD_RUNPATH_SEARCH_PATHS = (
					"$(inherited)",
					"@executable_path/Frameworks",
					"@loader_path/Frameworks",
				);
				PRODUCT_BUNDLE_IDENTIFIER = com.younoah.SplitTests;
				PRODUCT_NAME = "$(TARGET_NAME)";
				SWIFT_VERSION = 5.0;
				TARGETED_DEVICE_FAMILY = "1,2";
				TEST_HOST = "$(BUILT_PRODUCTS_DIR)/Split.app/Split";
			};
			name = Debug;
		};
		8D0E5896252F735D0011C102 /* Release */ = {
			isa = XCBuildConfiguration;
			buildSettings = {
				ALWAYS_EMBED_SWIFT_STANDARD_LIBRARIES = YES;
				BUNDLE_LOADER = "$(TEST_HOST)";
				CODE_SIGN_STYLE = Automatic;
				INFOPLIST_FILE = SplitTests/Info.plist;
				IPHONEOS_DEPLOYMENT_TARGET = 14.0;
				LD_RUNPATH_SEARCH_PATHS = (
					"$(inherited)",
					"@executable_path/Frameworks",
					"@loader_path/Frameworks",
				);
				PRODUCT_BUNDLE_IDENTIFIER = com.younoah.SplitTests;
				PRODUCT_NAME = "$(TARGET_NAME)";
				SWIFT_VERSION = 5.0;
				TARGETED_DEVICE_FAMILY = "1,2";
				TEST_HOST = "$(BUILT_PRODUCTS_DIR)/Split.app/Split";
			};
			name = Release;
		};
		8D0E5898252F735D0011C102 /* Debug */ = {
			isa = XCBuildConfiguration;
			buildSettings = {
				ALWAYS_EMBED_SWIFT_STANDARD_LIBRARIES = YES;
				CODE_SIGN_STYLE = Automatic;
				INFOPLIST_FILE = SplitUITests/Info.plist;
				LD_RUNPATH_SEARCH_PATHS = (
					"$(inherited)",
					"@executable_path/Frameworks",
					"@loader_path/Frameworks",
				);
				PRODUCT_BUNDLE_IDENTIFIER = com.younoah.SplitUITests;
				PRODUCT_NAME = "$(TARGET_NAME)";
				SWIFT_VERSION = 5.0;
				TARGETED_DEVICE_FAMILY = "1,2";
				TEST_TARGET_NAME = Split;
			};
			name = Debug;
		};
		8D0E5899252F735D0011C102 /* Release */ = {
			isa = XCBuildConfiguration;
			buildSettings = {
				ALWAYS_EMBED_SWIFT_STANDARD_LIBRARIES = YES;
				CODE_SIGN_STYLE = Automatic;
				INFOPLIST_FILE = SplitUITests/Info.plist;
				LD_RUNPATH_SEARCH_PATHS = (
					"$(inherited)",
					"@executable_path/Frameworks",
					"@loader_path/Frameworks",
				);
				PRODUCT_BUNDLE_IDENTIFIER = com.younoah.SplitUITests;
				PRODUCT_NAME = "$(TARGET_NAME)";
				SWIFT_VERSION = 5.0;
				TARGETED_DEVICE_FAMILY = "1,2";
				TEST_TARGET_NAME = Split;
			};
			name = Release;
		};
/* End XCBuildConfiguration section */

/* Begin XCConfigurationList section */
		8D0E5862252F735B0011C102 /* Build configuration list for PBXProject "Split" */ = {
			isa = XCConfigurationList;
			buildConfigurations = (
				8D0E588F252F735D0011C102 /* Debug */,
				8D0E5890252F735D0011C102 /* Release */,
			);
			defaultConfigurationIsVisible = 0;
			defaultConfigurationName = Release;
		};
		8D0E5891252F735D0011C102 /* Build configuration list for PBXNativeTarget "Split" */ = {
			isa = XCConfigurationList;
			buildConfigurations = (
				8D0E5892252F735D0011C102 /* Debug */,
				8D0E5893252F735D0011C102 /* Release */,
			);
			defaultConfigurationIsVisible = 0;
			defaultConfigurationName = Release;
		};
		8D0E5894252F735D0011C102 /* Build configuration list for PBXNativeTarget "SplitTests" */ = {
			isa = XCConfigurationList;
			buildConfigurations = (
				8D0E5895252F735D0011C102 /* Debug */,
				8D0E5896252F735D0011C102 /* Release */,
			);
			defaultConfigurationIsVisible = 0;
			defaultConfigurationName = Release;
		};
		8D0E5897252F735D0011C102 /* Build configuration list for PBXNativeTarget "SplitUITests" */ = {
			isa = XCConfigurationList;
			buildConfigurations = (
				8D0E5898252F735D0011C102 /* Debug */,
				8D0E5899252F735D0011C102 /* Release */,
			);
			defaultConfigurationIsVisible = 0;
			defaultConfigurationName = Release;
		};
/* End XCConfigurationList section */
	};
	rootObject = 8D0E585F252F735B0011C102 /* Project object */;
}
